
Microsoft Visual Studio Solution File, Format Version 12.00
# Visual Studio Version 17
VisualStudioVersion = 17.0.31903.59
MinimumVisualStudioVersion = 10.0.40219.1
Project("{2150E333-8FDC-42A3-9474-1A3956D46DE8}") = "src", "src", "{827E0CD3-B72D-47B6-A68D-7590B98EB39B}"
EndProject
Project("{F2A71F9B-5D33-465A-A702-920D77279786}") = "Informedica.Utils.Lib", "src\Informedica.Utils.Lib\Informedica.Utils.Lib.fsproj", "{3572CA0F-160E-4418-AB9B-5D865AB4D141}"
EndProject
Project("{F2A71F9B-5D33-465A-A702-920D77279786}") = "Informedica.Agents.Lib", "src\Informedica.Agents.Lib\Informedica.Agents.Lib.fsproj", "{C588D33F-CD67-4905-9AFF-27736BA5C7E2}"
EndProject
Project("{F2A71F9B-5D33-465A-A702-920D77279786}") = "Informedica.Logging.Lib", "src\Informedica.Logging.Lib\Informedica.Logging.Lib.fsproj", "{32A09B0A-FB0B-4202-81E3-F1B98816CAD3}"
EndProject
Project("{F2A71F9B-5D33-465A-A702-920D77279786}") = "Informedica.NLP.Lib", "src\Informedica.NLP.Lib\Informedica.NLP.Lib.fsproj", "{4B43746E-379F-434B-B96B-EC8F83EFB145}"
EndProject
Project("{F2A71F9B-5D33-465A-A702-920D77279786}") = "Informedica.OTS.Lib", "src\Informedica.OTS.Lib\Informedica.OTS.Lib.fsproj", "{09328AC2-EEAA-40E2-89E1-E27DB9EEFC96}"
EndProject
Project("{F2A71F9B-5D33-465A-A702-920D77279786}") = "Informedica.GenUNITS.Lib", "src\Informedica.GenUNITS.Lib\Informedica.GenUNITS.Lib.fsproj", "{68208829-ED58-46E6-BB11-9CBF0DAE9362}"
EndProject
Project("{F2A71F9B-5D33-465A-A702-920D77279786}") = "Informedica.GenSOLVER.Lib", "src\Informedica.GenSOLVER.Lib\Informedica.GenSOLVER.Lib.fsproj", "{B0FD246E-018D-4972-A2AF-CEB0A060F549}"
EndProject
Project("{F2A71F9B-5D33-465A-A702-920D77279786}") = "Informedica.GenCORE.Lib", "src\Informedica.GenCORE.Lib\Informedica.GenCORE.Lib.fsproj", "{07FD2A4F-861A-4255-9BD5-75E0DBF88B48}"
EndProject
Project("{F2A71F9B-5D33-465A-A702-920D77279786}") = "Informedica.ZIndex.Lib", "src\Informedica.ZIndex.Lib\Informedica.ZIndex.Lib.fsproj", "{EDA2C40D-6491-49EB-BB2E-0DD3893B0DFC}"
EndProject
Project("{F2A71F9B-5D33-465A-A702-920D77279786}") = "Informedica.ZForm.Lib", "src\Informedica.ZForm.Lib\Informedica.ZForm.Lib.fsproj", "{DC2C8EA6-B871-4876-8C03-07571712C732}"
EndProject
Project("{F2A71F9B-5D33-465A-A702-920D77279786}") = "Informedica.NKF.Lib", "src\Informedica.NKF.Lib\Informedica.NKF.Lib.fsproj", "{CAD735DD-A6BB-4531-8C86-DC76224CB33E}"
EndProject
Project("{F2A71F9B-5D33-465A-A702-920D77279786}") = "Informedica.FTK.Lib", "src\Informedica.FTK.Lib\Informedica.FTK.Lib.fsproj", "{94A4CD79-0E3E-46CE-8DDF-14B678D54B7B}"
EndProject
Project("{F2A71F9B-5D33-465A-A702-920D77279786}") = "Informedica.GenFORM.Lib", "src\Informedica.GenFORM.Lib\Informedica.GenFORM.Lib.fsproj", "{6EBBD268-E63C-4C50-93B1-EB2417948C53}"
EndProject
Project("{F2A71F9B-5D33-465A-A702-920D77279786}") = "Informedica.MCP.Lib", "src\Informedica.MCP.Lib\Informedica.MCP.Lib.fsproj", "{594F9E83-3D20-48DA-B058-D40041C603B4}"
EndProject
Project("{F2A71F9B-5D33-465A-A702-920D77279786}") = "Informedica.GenORDER.Lib", "src\Informedica.GenORDER.Lib\Informedica.GenORDER.Lib.fsproj", "{CD307CB3-8F71-4C7B-B77E-62DAA3BEDE32}"
EndProject
Project("{F2A71F9B-5D33-465A-A702-920D77279786}") = "Informedica.FHIR.Lib", "src\Informedica.FHIR.Lib\Informedica.FHIR.Lib.fsproj", "{D6CF176C-9B46-4346-81F8-1778A2EFCB16}"
EndProject
Project("{F2A71F9B-5D33-465A-A702-920D77279786}") = "Informedica.DataPlatform.Lib", "src\Informedica.DataPlatform.Lib\Informedica.DataPlatform.Lib.fsproj", "{88A24185-D707-4E82-820B-D1A5F63951BD}"
EndProject
Project("{F2A71F9B-5D33-465A-A702-920D77279786}") = "Informedica.HIXConnect.Lib", "src\Informedica.HIXConnect.Lib\Informedica.HIXConnect.Lib.fsproj", "{D386688B-EC07-48AD-8C11-A2E76D9BBE4D}"
EndProject
Project("{F2A71F9B-5D33-465A-A702-920D77279786}") = "Informedica.GenPRES.Shared", "src\Informedica.GenPRES.Shared\Informedica.GenPRES.Shared.fsproj", "{0E4AAC80-9B72-451C-BD36-5549521912A0}"
EndProject
Project("{F2A71F9B-5D33-465A-A702-920D77279786}") = "Informedica.GenPRES.Server", "src\Informedica.GenPRES.Server\Informedica.GenPRES.Server.fsproj", "{97A47A70-3560-47B2-A75E-5AD9E10FA5A0}"
EndProject
Project("{F2A71F9B-5D33-465A-A702-920D77279786}") = "Informedica.GenPRES.Client", "src\Informedica.GenPRES.Client\Informedica.GenPRES.Client.fsproj", "{F7ECD51B-7E56-4EFD-B765-A5DB4516B4E0}"
EndProject
Project("{2150E333-8FDC-42A3-9474-1A3956D46DE8}") = "tests", "tests", "{0AB3BF05-4346-4AA6-1389-037BE0695223}"
EndProject
Project("{F2A71F9B-5D33-465A-A702-920D77279786}") = "Informedica.Utils.Tests", "tests\Informedica.Utils.Tests\Informedica.Utils.Tests.fsproj", "{F3BB771E-7089-446F-B9AC-FAB23A37A8E4}"
EndProject
Project("{F2A71F9B-5D33-465A-A702-920D77279786}") = "Informedica.Agents.Tests", "tests\Informedica.Agents.Tests\Informedica.Agents.Tests.fsproj", "{3473C50F-3233-4995-BF32-C7016C73CF89}"
EndProject
Project("{F2A71F9B-5D33-465A-A702-920D77279786}") = "Informedica.Logging.Tests", "tests\Informedica.Logging.Tests\Informedica.Logging.Tests.fsproj", "{C63D4AF4-7BB0-40D8-AEE1-3BC95C17B94F}"
EndProject
Project("{F2A71F9B-5D33-465A-A702-920D77279786}") = "Informedica.GenUNITS.Tests", "tests\Informedica.GenUNITS.Tests\Informedica.GenUNITS.Tests.fsproj", "{663A19C7-99B5-43EC-A014-972E7F84C919}"
EndProject
Project("{F2A71F9B-5D33-465A-A702-920D77279786}") = "Informedica.GenCORE.Tests", "tests\Informedica.GenCORE.Tests\Informedica.GenCORE.Tests.fsproj", "{E8F6DBF3-0346-4F07-871D-10C0027A4FF2}"
EndProject
Project("{F2A71F9B-5D33-465A-A702-920D77279786}") = "Informedica.GenSOLVER.Tests", "tests\Informedica.GenSOLVER.Tests\Informedica.GenSOLVER.Tests.fsproj", "{73EADB63-6923-4135-B3E8-57B5B639DE69}"
EndProject
Project("{F2A71F9B-5D33-465A-A702-920D77279786}") = "Informedica.ZIndex.Tests", "tests\Informedica.ZIndex.Tests\Informedica.ZIndex.Tests.fsproj", "{51ED41AE-2B81-49E3-A623-D1F26DCAF17E}"
EndProject
Project("{F2A71F9B-5D33-465A-A702-920D77279786}") = "Informedica.NLP.Tests", "tests\Informedica.NLP.Tests\Informedica.NLP.Tests.fsproj", "{7DF4BEA2-2E49-4661-9465-5C70F6E9193E}"
EndProject
Project("{F2A71F9B-5D33-465A-A702-920D77279786}") = "Informedica.OTS.Tests", "tests\Informedica.OTS.Tests\Informedica.OTS.Tests.fsproj", "{2F13B309-A64E-43E1-89A4-3A7C9CC9B779}"
EndProject
Project("{F2A71F9B-5D33-465A-A702-920D77279786}") = "Informedica.ZForm.Tests", "tests\Informedica.ZForm.Tests\Informedica.ZForm.Tests.fsproj", "{66176812-9CEC-4F0A-97B5-C724405AAD9E}"
EndProject
Project("{F2A71F9B-5D33-465A-A702-920D77279786}") = "Informedica.NKF.Tests", "tests\Informedica.NKF.Tests\Informedica.NKF.Tests.fsproj", "{8D0705FD-1034-49A9-85D1-E0F1F3EE0E73}"
EndProject
Project("{F2A71F9B-5D33-465A-A702-920D77279786}") = "Informedica.FTK.Tests", "tests\Informedica.FTK.Tests\Informedica.FTK.Tests.fsproj", "{1B642529-4365-45A7-8C6C-BDB91A828CA1}"
EndProject
Project("{F2A71F9B-5D33-465A-A702-920D77279786}") = "Informedica.GenFORM.Tests", "tests\Informedica.GenFORM.Tests\Informedica.GenFORM.Tests.fsproj", "{CA17714C-52B2-4FF4-8085-A4B34D0DDBE8}"
EndProject
Project("{F2A71F9B-5D33-465A-A702-920D77279786}") = "Informedica.GenORDER.Tests", "tests\Informedica.GenORDER.Tests\Informedica.GenORDER.Tests.fsproj", "{98EE9669-5F03-46C9-86CE-93DE05D87130}"
EndProject
Project("{F2A71F9B-5D33-465A-A702-920D77279786}") = "Informedica.MCP.Tests", "tests\Informedica.MCP.Tests\Informedica.MCP.Tests.fsproj", "{3AE06B22-BC4A-4446-98B6-AC5BD3172C68}"
EndProject
Project("{F2A71F9B-5D33-465A-A702-920D77279786}") = "Informedica.FHIR.Tests", "tests\Informedica.FHIR.Tests\Informedica.FHIR.Tests.fsproj", "{4B63B0B6-192B-4612-9E9A-6B6DF20CD968}"
EndProject
Project("{F2A71F9B-5D33-465A-A702-920D77279786}") = "Informedica.DataPlatform.Tests", "tests\Informedica.DataPlatform.Tests\Informedica.DataPlatform.Tests.fsproj", "{C74EFCA3-D58D-4A77-899A-550A96A4D2BF}"
EndProject
Project("{F2A71F9B-5D33-465A-A702-920D77279786}") = "Informedica.HIXConnect.Tests", "tests\Informedica.HIXConnect.Tests\Informedica.HIXConnect.Tests.fsproj", "{2E03A0D0-9967-4DD5-A2CE-999DFF23A78E}"
EndProject
Project("{F2A71F9B-5D33-465A-A702-920D77279786}") = "Informedica.GenPRES.Shared.Tests", "tests\Informedica.GenPRES.Shared.Tests\Informedica.GenPRES.Shared.Tests.fsproj", "{32753459-3405-4163-83FC-B9CBA6269DA6}"
EndProject
Project("{F2A71F9B-5D33-465A-A702-920D77279786}") = "Informedica.GenPRES.Server.Tests", "tests\Informedica.GenPRES.Server.Tests\Informedica.GenPRES.Server.Tests.fsproj", "{9E7B8210-2551-4B24-82CD-B9D78CC3B38C}"
EndProject
Global
	GlobalSection(SolutionConfigurationPlatforms) = preSolution
		Debug|Any CPU = Debug|Any CPU
		Debug|x64 = Debug|x64
		Debug|x86 = Debug|x86
		Release|Any CPU = Release|Any CPU
		Release|x64 = Release|x64
		Release|x86 = Release|x86
	EndGlobalSection
	GlobalSection(ProjectConfigurationPlatforms) = postSolution
		{3572CA0F-160E-4418-AB9B-5D865AB4D141}.Debug|Any CPU.ActiveCfg = Debug|Any CPU
		{3572CA0F-160E-4418-AB9B-5D865AB4D141}.Debug|Any CPU.Build.0 = Debug|Any CPU
		{3572CA0F-160E-4418-AB9B-5D865AB4D141}.Debug|x64.ActiveCfg = Debug|Any CPU
		{3572CA0F-160E-4418-AB9B-5D865AB4D141}.Debug|x64.Build.0 = Debug|Any CPU
		{3572CA0F-160E-4418-AB9B-5D865AB4D141}.Debug|x86.ActiveCfg = Debug|Any CPU
		{3572CA0F-160E-4418-AB9B-5D865AB4D141}.Debug|x86.Build.0 = Debug|Any CPU
		{3572CA0F-160E-4418-AB9B-5D865AB4D141}.Release|Any CPU.ActiveCfg = Release|Any CPU
		{3572CA0F-160E-4418-AB9B-5D865AB4D141}.Release|Any CPU.Build.0 = Release|Any CPU
		{3572CA0F-160E-4418-AB9B-5D865AB4D141}.Release|x64.ActiveCfg = Release|Any CPU
		{3572CA0F-160E-4418-AB9B-5D865AB4D141}.Release|x64.Build.0 = Release|Any CPU
		{3572CA0F-160E-4418-AB9B-5D865AB4D141}.Release|x86.ActiveCfg = Release|Any CPU
		{3572CA0F-160E-4418-AB9B-5D865AB4D141}.Release|x86.Build.0 = Release|Any CPU
		{C588D33F-CD67-4905-9AFF-27736BA5C7E2}.Debug|Any CPU.ActiveCfg = Debug|Any CPU
		{C588D33F-CD67-4905-9AFF-27736BA5C7E2}.Debug|Any CPU.Build.0 = Debug|Any CPU
		{C588D33F-CD67-4905-9AFF-27736BA5C7E2}.Debug|x64.ActiveCfg = Debug|Any CPU
		{C588D33F-CD67-4905-9AFF-27736BA5C7E2}.Debug|x64.Build.0 = Debug|Any CPU
		{C588D33F-CD67-4905-9AFF-27736BA5C7E2}.Debug|x86.ActiveCfg = Debug|Any CPU
		{C588D33F-CD67-4905-9AFF-27736BA5C7E2}.Debug|x86.Build.0 = Debug|Any CPU
		{C588D33F-CD67-4905-9AFF-27736BA5C7E2}.Release|Any CPU.ActiveCfg = Release|Any CPU
		{C588D33F-CD67-4905-9AFF-27736BA5C7E2}.Release|Any CPU.Build.0 = Release|Any CPU
		{C588D33F-CD67-4905-9AFF-27736BA5C7E2}.Release|x64.ActiveCfg = Release|Any CPU
		{C588D33F-CD67-4905-9AFF-27736BA5C7E2}.Release|x64.Build.0 = Release|Any CPU
		{C588D33F-CD67-4905-9AFF-27736BA5C7E2}.Release|x86.ActiveCfg = Release|Any CPU
		{C588D33F-CD67-4905-9AFF-27736BA5C7E2}.Release|x86.Build.0 = Release|Any CPU
		{32A09B0A-FB0B-4202-81E3-F1B98816CAD3}.Debug|Any CPU.ActiveCfg = Debug|Any CPU
		{32A09B0A-FB0B-4202-81E3-F1B98816CAD3}.Debug|Any CPU.Build.0 = Debug|Any CPU
		{32A09B0A-FB0B-4202-81E3-F1B98816CAD3}.Debug|x64.ActiveCfg = Debug|Any CPU
		{32A09B0A-FB0B-4202-81E3-F1B98816CAD3}.Debug|x64.Build.0 = Debug|Any CPU
		{32A09B0A-FB0B-4202-81E3-F1B98816CAD3}.Debug|x86.ActiveCfg = Debug|Any CPU
		{32A09B0A-FB0B-4202-81E3-F1B98816CAD3}.Debug|x86.Build.0 = Debug|Any CPU
		{32A09B0A-FB0B-4202-81E3-F1B98816CAD3}.Release|Any CPU.ActiveCfg = Release|Any CPU
		{32A09B0A-FB0B-4202-81E3-F1B98816CAD3}.Release|Any CPU.Build.0 = Release|Any CPU
		{32A09B0A-FB0B-4202-81E3-F1B98816CAD3}.Release|x64.ActiveCfg = Release|Any CPU
		{32A09B0A-FB0B-4202-81E3-F1B98816CAD3}.Release|x64.Build.0 = Release|Any CPU
		{32A09B0A-FB0B-4202-81E3-F1B98816CAD3}.Release|x86.ActiveCfg = Release|Any CPU
		{32A09B0A-FB0B-4202-81E3-F1B98816CAD3}.Release|x86.Build.0 = Release|Any CPU
		{4B43746E-379F-434B-B96B-EC8F83EFB145}.Debug|Any CPU.ActiveCfg = Debug|Any CPU
		{4B43746E-379F-434B-B96B-EC8F83EFB145}.Debug|Any CPU.Build.0 = Debug|Any CPU
		{4B43746E-379F-434B-B96B-EC8F83EFB145}.Debug|x64.ActiveCfg = Debug|Any CPU
		{4B43746E-379F-434B-B96B-EC8F83EFB145}.Debug|x64.Build.0 = Debug|Any CPU
		{4B43746E-379F-434B-B96B-EC8F83EFB145}.Debug|x86.ActiveCfg = Debug|Any CPU
		{4B43746E-379F-434B-B96B-EC8F83EFB145}.Debug|x86.Build.0 = Debug|Any CPU
		{4B43746E-379F-434B-B96B-EC8F83EFB145}.Release|Any CPU.ActiveCfg = Release|Any CPU
		{4B43746E-379F-434B-B96B-EC8F83EFB145}.Release|Any CPU.Build.0 = Release|Any CPU
		{4B43746E-379F-434B-B96B-EC8F83EFB145}.Release|x64.ActiveCfg = Release|Any CPU
		{4B43746E-379F-434B-B96B-EC8F83EFB145}.Release|x64.Build.0 = Release|Any CPU
		{4B43746E-379F-434B-B96B-EC8F83EFB145}.Release|x86.ActiveCfg = Release|Any CPU
		{4B43746E-379F-434B-B96B-EC8F83EFB145}.Release|x86.Build.0 = Release|Any CPU
		{09328AC2-EEAA-40E2-89E1-E27DB9EEFC96}.Debug|Any CPU.ActiveCfg = Debug|Any CPU
		{09328AC2-EEAA-40E2-89E1-E27DB9EEFC96}.Debug|Any CPU.Build.0 = Debug|Any CPU
		{09328AC2-EEAA-40E2-89E1-E27DB9EEFC96}.Debug|x64.ActiveCfg = Debug|Any CPU
		{09328AC2-EEAA-40E2-89E1-E27DB9EEFC96}.Debug|x64.Build.0 = Debug|Any CPU
		{09328AC2-EEAA-40E2-89E1-E27DB9EEFC96}.Debug|x86.ActiveCfg = Debug|Any CPU
		{09328AC2-EEAA-40E2-89E1-E27DB9EEFC96}.Debug|x86.Build.0 = Debug|Any CPU
		{09328AC2-EEAA-40E2-89E1-E27DB9EEFC96}.Release|Any CPU.ActiveCfg = Release|Any CPU
		{09328AC2-EEAA-40E2-89E1-E27DB9EEFC96}.Release|Any CPU.Build.0 = Release|Any CPU
		{09328AC2-EEAA-40E2-89E1-E27DB9EEFC96}.Release|x64.ActiveCfg = Release|Any CPU
		{09328AC2-EEAA-40E2-89E1-E27DB9EEFC96}.Release|x64.Build.0 = Release|Any CPU
		{09328AC2-EEAA-40E2-89E1-E27DB9EEFC96}.Release|x86.ActiveCfg = Release|Any CPU
		{09328AC2-EEAA-40E2-89E1-E27DB9EEFC96}.Release|x86.Build.0 = Release|Any CPU
		{68208829-ED58-46E6-BB11-9CBF0DAE9362}.Debug|Any CPU.ActiveCfg = Debug|Any CPU
		{68208829-ED58-46E6-BB11-9CBF0DAE9362}.Debug|Any CPU.Build.0 = Debug|Any CPU
		{68208829-ED58-46E6-BB11-9CBF0DAE9362}.Debug|x64.ActiveCfg = Debug|Any CPU
		{68208829-ED58-46E6-BB11-9CBF0DAE9362}.Debug|x64.Build.0 = Debug|Any CPU
		{68208829-ED58-46E6-BB11-9CBF0DAE9362}.Debug|x86.ActiveCfg = Debug|Any CPU
		{68208829-ED58-46E6-BB11-9CBF0DAE9362}.Debug|x86.Build.0 = Debug|Any CPU
		{68208829-ED58-46E6-BB11-9CBF0DAE9362}.Release|Any CPU.ActiveCfg = Release|Any CPU
		{68208829-ED58-46E6-BB11-9CBF0DAE9362}.Release|Any CPU.Build.0 = Release|Any CPU
		{68208829-ED58-46E6-BB11-9CBF0DAE9362}.Release|x64.ActiveCfg = Release|Any CPU
		{68208829-ED58-46E6-BB11-9CBF0DAE9362}.Release|x64.Build.0 = Release|Any CPU
		{68208829-ED58-46E6-BB11-9CBF0DAE9362}.Release|x86.ActiveCfg = Release|Any CPU
		{68208829-ED58-46E6-BB11-9CBF0DAE9362}.Release|x86.Build.0 = Release|Any CPU
		{B0FD246E-018D-4972-A2AF-CEB0A060F549}.Debug|Any CPU.ActiveCfg = Debug|Any CPU
		{B0FD246E-018D-4972-A2AF-CEB0A060F549}.Debug|Any CPU.Build.0 = Debug|Any CPU
		{B0FD246E-018D-4972-A2AF-CEB0A060F549}.Debug|x64.ActiveCfg = Debug|Any CPU
		{B0FD246E-018D-4972-A2AF-CEB0A060F549}.Debug|x64.Build.0 = Debug|Any CPU
		{B0FD246E-018D-4972-A2AF-CEB0A060F549}.Debug|x86.ActiveCfg = Debug|Any CPU
		{B0FD246E-018D-4972-A2AF-CEB0A060F549}.Debug|x86.Build.0 = Debug|Any CPU
		{B0FD246E-018D-4972-A2AF-CEB0A060F549}.Release|Any CPU.ActiveCfg = Release|Any CPU
		{B0FD246E-018D-4972-A2AF-CEB0A060F549}.Release|Any CPU.Build.0 = Release|Any CPU
		{B0FD246E-018D-4972-A2AF-CEB0A060F549}.Release|x64.ActiveCfg = Release|Any CPU
		{B0FD246E-018D-4972-A2AF-CEB0A060F549}.Release|x64.Build.0 = Release|Any CPU
		{B0FD246E-018D-4972-A2AF-CEB0A060F549}.Release|x86.ActiveCfg = Release|Any CPU
		{B0FD246E-018D-4972-A2AF-CEB0A060F549}.Release|x86.Build.0 = Release|Any CPU
		{07FD2A4F-861A-4255-9BD5-75E0DBF88B48}.Debug|Any CPU.ActiveCfg = Debug|Any CPU
		{07FD2A4F-861A-4255-9BD5-75E0DBF88B48}.Debug|Any CPU.Build.0 = Debug|Any CPU
		{07FD2A4F-861A-4255-9BD5-75E0DBF88B48}.Debug|x64.ActiveCfg = Debug|Any CPU
		{07FD2A4F-861A-4255-9BD5-75E0DBF88B48}.Debug|x64.Build.0 = Debug|Any CPU
		{07FD2A4F-861A-4255-9BD5-75E0DBF88B48}.Debug|x86.ActiveCfg = Debug|Any CPU
		{07FD2A4F-861A-4255-9BD5-75E0DBF88B48}.Debug|x86.Build.0 = Debug|Any CPU
		{07FD2A4F-861A-4255-9BD5-75E0DBF88B48}.Release|Any CPU.ActiveCfg = Release|Any CPU
		{07FD2A4F-861A-4255-9BD5-75E0DBF88B48}.Release|Any CPU.Build.0 = Release|Any CPU
		{07FD2A4F-861A-4255-9BD5-75E0DBF88B48}.Release|x64.ActiveCfg = Release|Any CPU
		{07FD2A4F-861A-4255-9BD5-75E0DBF88B48}.Release|x64.Build.0 = Release|Any CPU
		{07FD2A4F-861A-4255-9BD5-75E0DBF88B48}.Release|x86.ActiveCfg = Release|Any CPU
		{07FD2A4F-861A-4255-9BD5-75E0DBF88B48}.Release|x86.Build.0 = Release|Any CPU
		{EDA2C40D-6491-49EB-BB2E-0DD3893B0DFC}.Debug|Any CPU.ActiveCfg = Debug|Any CPU
		{EDA2C40D-6491-49EB-BB2E-0DD3893B0DFC}.Debug|Any CPU.Build.0 = Debug|Any CPU
		{EDA2C40D-6491-49EB-BB2E-0DD3893B0DFC}.Debug|x64.ActiveCfg = Debug|Any CPU
		{EDA2C40D-6491-49EB-BB2E-0DD3893B0DFC}.Debug|x64.Build.0 = Debug|Any CPU
		{EDA2C40D-6491-49EB-BB2E-0DD3893B0DFC}.Debug|x86.ActiveCfg = Debug|Any CPU
		{EDA2C40D-6491-49EB-BB2E-0DD3893B0DFC}.Debug|x86.Build.0 = Debug|Any CPU
		{EDA2C40D-6491-49EB-BB2E-0DD3893B0DFC}.Release|Any CPU.ActiveCfg = Release|Any CPU
		{EDA2C40D-6491-49EB-BB2E-0DD3893B0DFC}.Release|Any CPU.Build.0 = Release|Any CPU
		{EDA2C40D-6491-49EB-BB2E-0DD3893B0DFC}.Release|x64.ActiveCfg = Release|Any CPU
		{EDA2C40D-6491-49EB-BB2E-0DD3893B0DFC}.Release|x64.Build.0 = Release|Any CPU
		{EDA2C40D-6491-49EB-BB2E-0DD3893B0DFC}.Release|x86.ActiveCfg = Release|Any CPU
		{EDA2C40D-6491-49EB-BB2E-0DD3893B0DFC}.Release|x86.Build.0 = Release|Any CPU
		{DC2C8EA6-B871-4876-8C03-07571712C732}.Debug|Any CPU.ActiveCfg = Debug|Any CPU
		{DC2C8EA6-B871-4876-8C03-07571712C732}.Debug|Any CPU.Build.0 = Debug|Any CPU
		{DC2C8EA6-B871-4876-8C03-07571712C732}.Debug|x64.ActiveCfg = Debug|Any CPU
		{DC2C8EA6-B871-4876-8C03-07571712C732}.Debug|x64.Build.0 = Debug|Any CPU
		{DC2C8EA6-B871-4876-8C03-07571712C732}.Debug|x86.ActiveCfg = Debug|Any CPU
		{DC2C8EA6-B871-4876-8C03-07571712C732}.Debug|x86.Build.0 = Debug|Any CPU
		{DC2C8EA6-B871-4876-8C03-07571712C732}.Release|Any CPU.ActiveCfg = Release|Any CPU
		{DC2C8EA6-B871-4876-8C03-07571712C732}.Release|Any CPU.Build.0 = Release|Any CPU
		{DC2C8EA6-B871-4876-8C03-07571712C732}.Release|x64.ActiveCfg = Release|Any CPU
		{DC2C8EA6-B871-4876-8C03-07571712C732}.Release|x64.Build.0 = Release|Any CPU
		{DC2C8EA6-B871-4876-8C03-07571712C732}.Release|x86.ActiveCfg = Release|Any CPU
		{DC2C8EA6-B871-4876-8C03-07571712C732}.Release|x86.Build.0 = Release|Any CPU
		{CAD735DD-A6BB-4531-8C86-DC76224CB33E}.Debug|Any CPU.ActiveCfg = Debug|Any CPU
		{CAD735DD-A6BB-4531-8C86-DC76224CB33E}.Debug|Any CPU.Build.0 = Debug|Any CPU
		{CAD735DD-A6BB-4531-8C86-DC76224CB33E}.Debug|x64.ActiveCfg = Debug|Any CPU
		{CAD735DD-A6BB-4531-8C86-DC76224CB33E}.Debug|x64.Build.0 = Debug|Any CPU
		{CAD735DD-A6BB-4531-8C86-DC76224CB33E}.Debug|x86.ActiveCfg = Debug|Any CPU
		{CAD735DD-A6BB-4531-8C86-DC76224CB33E}.Debug|x86.Build.0 = Debug|Any CPU
		{CAD735DD-A6BB-4531-8C86-DC76224CB33E}.Release|Any CPU.ActiveCfg = Release|Any CPU
		{CAD735DD-A6BB-4531-8C86-DC76224CB33E}.Release|Any CPU.Build.0 = Release|Any CPU
		{CAD735DD-A6BB-4531-8C86-DC76224CB33E}.Release|x64.ActiveCfg = Release|Any CPU
		{CAD735DD-A6BB-4531-8C86-DC76224CB33E}.Release|x64.Build.0 = Release|Any CPU
		{CAD735DD-A6BB-4531-8C86-DC76224CB33E}.Release|x86.ActiveCfg = Release|Any CPU
		{CAD735DD-A6BB-4531-8C86-DC76224CB33E}.Release|x86.Build.0 = Release|Any CPU
		{94A4CD79-0E3E-46CE-8DDF-14B678D54B7B}.Debug|Any CPU.ActiveCfg = Debug|Any CPU
		{94A4CD79-0E3E-46CE-8DDF-14B678D54B7B}.Debug|Any CPU.Build.0 = Debug|Any CPU
		{94A4CD79-0E3E-46CE-8DDF-14B678D54B7B}.Debug|x64.ActiveCfg = Debug|Any CPU
		{94A4CD79-0E3E-46CE-8DDF-14B678D54B7B}.Debug|x64.Build.0 = Debug|Any CPU
		{94A4CD79-0E3E-46CE-8DDF-14B678D54B7B}.Debug|x86.ActiveCfg = Debug|Any CPU
		{94A4CD79-0E3E-46CE-8DDF-14B678D54B7B}.Debug|x86.Build.0 = Debug|Any CPU
		{94A4CD79-0E3E-46CE-8DDF-14B678D54B7B}.Release|Any CPU.ActiveCfg = Release|Any CPU
		{94A4CD79-0E3E-46CE-8DDF-14B678D54B7B}.Release|Any CPU.Build.0 = Release|Any CPU
		{94A4CD79-0E3E-46CE-8DDF-14B678D54B7B}.Release|x64.ActiveCfg = Release|Any CPU
		{94A4CD79-0E3E-46CE-8DDF-14B678D54B7B}.Release|x64.Build.0 = Release|Any CPU
		{94A4CD79-0E3E-46CE-8DDF-14B678D54B7B}.Release|x86.ActiveCfg = Release|Any CPU
		{94A4CD79-0E3E-46CE-8DDF-14B678D54B7B}.Release|x86.Build.0 = Release|Any CPU
		{6EBBD268-E63C-4C50-93B1-EB2417948C53}.Debug|Any CPU.ActiveCfg = Debug|Any CPU
		{6EBBD268-E63C-4C50-93B1-EB2417948C53}.Debug|Any CPU.Build.0 = Debug|Any CPU
		{6EBBD268-E63C-4C50-93B1-EB2417948C53}.Debug|x64.ActiveCfg = Debug|Any CPU
		{6EBBD268-E63C-4C50-93B1-EB2417948C53}.Debug|x64.Build.0 = Debug|Any CPU
		{6EBBD268-E63C-4C50-93B1-EB2417948C53}.Debug|x86.ActiveCfg = Debug|Any CPU
		{6EBBD268-E63C-4C50-93B1-EB2417948C53}.Debug|x86.Build.0 = Debug|Any CPU
		{6EBBD268-E63C-4C50-93B1-EB2417948C53}.Release|Any CPU.ActiveCfg = Release|Any CPU
		{6EBBD268-E63C-4C50-93B1-EB2417948C53}.Release|Any CPU.Build.0 = Release|Any CPU
		{6EBBD268-E63C-4C50-93B1-EB2417948C53}.Release|x64.ActiveCfg = Release|Any CPU
		{6EBBD268-E63C-4C50-93B1-EB2417948C53}.Release|x64.Build.0 = Release|Any CPU
		{6EBBD268-E63C-4C50-93B1-EB2417948C53}.Release|x86.ActiveCfg = Release|Any CPU
		{6EBBD268-E63C-4C50-93B1-EB2417948C53}.Release|x86.Build.0 = Release|Any CPU
		{594F9E83-3D20-48DA-B058-D40041C603B4}.Debug|Any CPU.ActiveCfg = Debug|Any CPU
		{594F9E83-3D20-48DA-B058-D40041C603B4}.Debug|Any CPU.Build.0 = Debug|Any CPU
		{594F9E83-3D20-48DA-B058-D40041C603B4}.Debug|x64.ActiveCfg = Debug|Any CPU
		{594F9E83-3D20-48DA-B058-D40041C603B4}.Debug|x64.Build.0 = Debug|Any CPU
		{594F9E83-3D20-48DA-B058-D40041C603B4}.Debug|x86.ActiveCfg = Debug|Any CPU
		{594F9E83-3D20-48DA-B058-D40041C603B4}.Debug|x86.Build.0 = Debug|Any CPU
		{594F9E83-3D20-48DA-B058-D40041C603B4}.Release|Any CPU.ActiveCfg = Release|Any CPU
		{594F9E83-3D20-48DA-B058-D40041C603B4}.Release|Any CPU.Build.0 = Release|Any CPU
		{594F9E83-3D20-48DA-B058-D40041C603B4}.Release|x64.ActiveCfg = Release|Any CPU
		{594F9E83-3D20-48DA-B058-D40041C603B4}.Release|x64.Build.0 = Release|Any CPU
		{594F9E83-3D20-48DA-B058-D40041C603B4}.Release|x86.ActiveCfg = Release|Any CPU
		{594F9E83-3D20-48DA-B058-D40041C603B4}.Release|x86.Build.0 = Release|Any CPU
		{CD307CB3-8F71-4C7B-B77E-62DAA3BEDE32}.Debug|Any CPU.ActiveCfg = Debug|Any CPU
		{CD307CB3-8F71-4C7B-B77E-62DAA3BEDE32}.Debug|Any CPU.Build.0 = Debug|Any CPU
		{CD307CB3-8F71-4C7B-B77E-62DAA3BEDE32}.Debug|x64.ActiveCfg = Debug|Any CPU
		{CD307CB3-8F71-4C7B-B77E-62DAA3BEDE32}.Debug|x64.Build.0 = Debug|Any CPU
		{CD307CB3-8F71-4C7B-B77E-62DAA3BEDE32}.Debug|x86.ActiveCfg = Debug|Any CPU
		{CD307CB3-8F71-4C7B-B77E-62DAA3BEDE32}.Debug|x86.Build.0 = Debug|Any CPU
		{CD307CB3-8F71-4C7B-B77E-62DAA3BEDE32}.Release|Any CPU.ActiveCfg = Release|Any CPU
		{CD307CB3-8F71-4C7B-B77E-62DAA3BEDE32}.Release|Any CPU.Build.0 = Release|Any CPU
		{CD307CB3-8F71-4C7B-B77E-62DAA3BEDE32}.Release|x64.ActiveCfg = Release|Any CPU
		{CD307CB3-8F71-4C7B-B77E-62DAA3BEDE32}.Release|x64.Build.0 = Release|Any CPU
		{CD307CB3-8F71-4C7B-B77E-62DAA3BEDE32}.Release|x86.ActiveCfg = Release|Any CPU
		{CD307CB3-8F71-4C7B-B77E-62DAA3BEDE32}.Release|x86.Build.0 = Release|Any CPU
		{D6CF176C-9B46-4346-81F8-1778A2EFCB16}.Debug|Any CPU.ActiveCfg = Debug|Any CPU
		{D6CF176C-9B46-4346-81F8-1778A2EFCB16}.Debug|Any CPU.Build.0 = Debug|Any CPU
		{D6CF176C-9B46-4346-81F8-1778A2EFCB16}.Debug|x64.ActiveCfg = Debug|Any CPU
		{D6CF176C-9B46-4346-81F8-1778A2EFCB16}.Debug|x64.Build.0 = Debug|Any CPU
		{D6CF176C-9B46-4346-81F8-1778A2EFCB16}.Debug|x86.ActiveCfg = Debug|Any CPU
		{D6CF176C-9B46-4346-81F8-1778A2EFCB16}.Debug|x86.Build.0 = Debug|Any CPU
		{D6CF176C-9B46-4346-81F8-1778A2EFCB16}.Release|Any CPU.ActiveCfg = Release|Any CPU
		{D6CF176C-9B46-4346-81F8-1778A2EFCB16}.Release|Any CPU.Build.0 = Release|Any CPU
		{D6CF176C-9B46-4346-81F8-1778A2EFCB16}.Release|x64.ActiveCfg = Release|Any CPU
		{D6CF176C-9B46-4346-81F8-1778A2EFCB16}.Release|x64.Build.0 = Release|Any CPU
		{D6CF176C-9B46-4346-81F8-1778A2EFCB16}.Release|x86.ActiveCfg = Release|Any CPU
		{D6CF176C-9B46-4346-81F8-1778A2EFCB16}.Release|x86.Build.0 = Release|Any CPU
		{88A24185-D707-4E82-820B-D1A5F63951BD}.Debug|Any CPU.ActiveCfg = Debug|Any CPU
		{88A24185-D707-4E82-820B-D1A5F63951BD}.Debug|Any CPU.Build.0 = Debug|Any CPU
		{88A24185-D707-4E82-820B-D1A5F63951BD}.Debug|x64.ActiveCfg = Debug|Any CPU
		{88A24185-D707-4E82-820B-D1A5F63951BD}.Debug|x64.Build.0 = Debug|Any CPU
		{88A24185-D707-4E82-820B-D1A5F63951BD}.Debug|x86.ActiveCfg = Debug|Any CPU
		{88A24185-D707-4E82-820B-D1A5F63951BD}.Debug|x86.Build.0 = Debug|Any CPU
		{88A24185-D707-4E82-820B-D1A5F63951BD}.Release|Any CPU.ActiveCfg = Release|Any CPU
		{88A24185-D707-4E82-820B-D1A5F63951BD}.Release|Any CPU.Build.0 = Release|Any CPU
		{88A24185-D707-4E82-820B-D1A5F63951BD}.Release|x64.ActiveCfg = Release|Any CPU
		{88A24185-D707-4E82-820B-D1A5F63951BD}.Release|x64.Build.0 = Release|Any CPU
		{88A24185-D707-4E82-820B-D1A5F63951BD}.Release|x86.ActiveCfg = Release|Any CPU
		{88A24185-D707-4E82-820B-D1A5F63951BD}.Release|x86.Build.0 = Release|Any CPU
		{D386688B-EC07-48AD-8C11-A2E76D9BBE4D}.Debug|Any CPU.ActiveCfg = Debug|Any CPU
		{D386688B-EC07-48AD-8C11-A2E76D9BBE4D}.Debug|Any CPU.Build.0 = Debug|Any CPU
		{D386688B-EC07-48AD-8C11-A2E76D9BBE4D}.Debug|x64.ActiveCfg = Debug|Any CPU
		{D386688B-EC07-48AD-8C11-A2E76D9BBE4D}.Debug|x64.Build.0 = Debug|Any CPU
		{D386688B-EC07-48AD-8C11-A2E76D9BBE4D}.Debug|x86.ActiveCfg = Debug|Any CPU
		{D386688B-EC07-48AD-8C11-A2E76D9BBE4D}.Debug|x86.Build.0 = Debug|Any CPU
		{D386688B-EC07-48AD-8C11-A2E76D9BBE4D}.Release|Any CPU.ActiveCfg = Release|Any CPU
		{D386688B-EC07-48AD-8C11-A2E76D9BBE4D}.Release|Any CPU.Build.0 = Release|Any CPU
		{D386688B-EC07-48AD-8C11-A2E76D9BBE4D}.Release|x64.ActiveCfg = Release|Any CPU
		{D386688B-EC07-48AD-8C11-A2E76D9BBE4D}.Release|x64.Build.0 = Release|Any CPU
		{D386688B-EC07-48AD-8C11-A2E76D9BBE4D}.Release|x86.ActiveCfg = Release|Any CPU
		{D386688B-EC07-48AD-8C11-A2E76D9BBE4D}.Release|x86.Build.0 = Release|Any CPU
		{0E4AAC80-9B72-451C-BD36-5549521912A0}.Debug|Any CPU.ActiveCfg = Debug|Any CPU
		{0E4AAC80-9B72-451C-BD36-5549521912A0}.Debug|Any CPU.Build.0 = Debug|Any CPU
		{0E4AAC80-9B72-451C-BD36-5549521912A0}.Debug|x64.ActiveCfg = Debug|Any CPU
		{0E4AAC80-9B72-451C-BD36-5549521912A0}.Debug|x64.Build.0 = Debug|Any CPU
		{0E4AAC80-9B72-451C-BD36-5549521912A0}.Debug|x86.ActiveCfg = Debug|Any CPU
		{0E4AAC80-9B72-451C-BD36-5549521912A0}.Debug|x86.Build.0 = Debug|Any CPU
		{0E4AAC80-9B72-451C-BD36-5549521912A0}.Release|Any CPU.ActiveCfg = Release|Any CPU
		{0E4AAC80-9B72-451C-BD36-5549521912A0}.Release|Any CPU.Build.0 = Release|Any CPU
		{0E4AAC80-9B72-451C-BD36-5549521912A0}.Release|x64.ActiveCfg = Release|Any CPU
		{0E4AAC80-9B72-451C-BD36-5549521912A0}.Release|x64.Build.0 = Release|Any CPU
		{0E4AAC80-9B72-451C-BD36-5549521912A0}.Release|x86.ActiveCfg = Release|Any CPU
		{0E4AAC80-9B72-451C-BD36-5549521912A0}.Release|x86.Build.0 = Release|Any CPU
		{97A47A70-3560-47B2-A75E-5AD9E10FA5A0}.Debug|Any CPU.ActiveCfg = Debug|Any CPU
		{97A47A70-3560-47B2-A75E-5AD9E10FA5A0}.Debug|Any CPU.Build.0 = Debug|Any CPU
		{97A47A70-3560-47B2-A75E-5AD9E10FA5A0}.Debug|x64.ActiveCfg = Debug|Any CPU
		{97A47A70-3560-47B2-A75E-5AD9E10FA5A0}.Debug|x64.Build.0 = Debug|Any CPU
		{97A47A70-3560-47B2-A75E-5AD9E10FA5A0}.Debug|x86.ActiveCfg = Debug|Any CPU
		{97A47A70-3560-47B2-A75E-5AD9E10FA5A0}.Debug|x86.Build.0 = Debug|Any CPU
		{97A47A70-3560-47B2-A75E-5AD9E10FA5A0}.Release|Any CPU.ActiveCfg = Release|Any CPU
		{97A47A70-3560-47B2-A75E-5AD9E10FA5A0}.Release|Any CPU.Build.0 = Release|Any CPU
		{97A47A70-3560-47B2-A75E-5AD9E10FA5A0}.Release|x64.ActiveCfg = Release|Any CPU
		{97A47A70-3560-47B2-A75E-5AD9E10FA5A0}.Release|x64.Build.0 = Release|Any CPU
		{97A47A70-3560-47B2-A75E-5AD9E10FA5A0}.Release|x86.ActiveCfg = Release|Any CPU
		{97A47A70-3560-47B2-A75E-5AD9E10FA5A0}.Release|x86.Build.0 = Release|Any CPU
		{F7ECD51B-7E56-4EFD-B765-A5DB4516B4E0}.Debug|Any CPU.ActiveCfg = Debug|Any CPU
		{F7ECD51B-7E56-4EFD-B765-A5DB4516B4E0}.Debug|Any CPU.Build.0 = Debug|Any CPU
		{F7ECD51B-7E56-4EFD-B765-A5DB4516B4E0}.Debug|x64.ActiveCfg = Debug|Any CPU
		{F7ECD51B-7E56-4EFD-B765-A5DB4516B4E0}.Debug|x64.Build.0 = Debug|Any CPU
		{F7ECD51B-7E56-4EFD-B765-A5DB4516B4E0}.Debug|x86.ActiveCfg = Debug|Any CPU
		{F7ECD51B-7E56-4EFD-B765-A5DB4516B4E0}.Debug|x86.Build.0 = Debug|Any CPU
		{F7ECD51B-7E56-4EFD-B765-A5DB4516B4E0}.Release|Any CPU.ActiveCfg = Release|Any CPU
		{F7ECD51B-7E56-4EFD-B765-A5DB4516B4E0}.Release|Any CPU.Build.0 = Release|Any CPU
		{F7ECD51B-7E56-4EFD-B765-A5DB4516B4E0}.Release|x64.ActiveCfg = Release|Any CPU
		{F7ECD51B-7E56-4EFD-B765-A5DB4516B4E0}.Release|x64.Build.0 = Release|Any CPU
		{F7ECD51B-7E56-4EFD-B765-A5DB4516B4E0}.Release|x86.ActiveCfg = Release|Any CPU
		{F7ECD51B-7E56-4EFD-B765-A5DB4516B4E0}.Release|x86.Build.0 = Release|Any CPU
		{F3BB771E-7089-446F-B9AC-FAB23A37A8E4}.Debug|Any CPU.ActiveCfg = Debug|Any CPU
		{F3BB771E-7089-446F-B9AC-FAB23A37A8E4}.Debug|Any CPU.Build.0 = Debug|Any CPU
		{F3BB771E-7089-446F-B9AC-FAB23A37A8E4}.Debug|x64.ActiveCfg = Debug|Any CPU
		{F3BB771E-7089-446F-B9AC-FAB23A37A8E4}.Debug|x64.Build.0 = Debug|Any CPU
		{F3BB771E-7089-446F-B9AC-FAB23A37A8E4}.Debug|x86.ActiveCfg = Debug|Any CPU
		{F3BB771E-7089-446F-B9AC-FAB23A37A8E4}.Debug|x86.Build.0 = Debug|Any CPU
		{F3BB771E-7089-446F-B9AC-FAB23A37A8E4}.Release|Any CPU.ActiveCfg = Release|Any CPU
		{F3BB771E-7089-446F-B9AC-FAB23A37A8E4}.Release|Any CPU.Build.0 = Release|Any CPU
		{F3BB771E-7089-446F-B9AC-FAB23A37A8E4}.Release|x64.ActiveCfg = Release|Any CPU
		{F3BB771E-7089-446F-B9AC-FAB23A37A8E4}.Release|x64.Build.0 = Release|Any CPU
		{F3BB771E-7089-446F-B9AC-FAB23A37A8E4}.Release|x86.ActiveCfg = Release|Any CPU
		{F3BB771E-7089-446F-B9AC-FAB23A37A8E4}.Release|x86.Build.0 = Release|Any CPU
		{3473C50F-3233-4995-BF32-C7016C73CF89}.Debug|Any CPU.ActiveCfg = Debug|Any CPU
		{3473C50F-3233-4995-BF32-C7016C73CF89}.Debug|Any CPU.Build.0 = Debug|Any CPU
		{3473C50F-3233-4995-BF32-C7016C73CF89}.Debug|x64.ActiveCfg = Debug|Any CPU
		{3473C50F-3233-4995-BF32-C7016C73CF89}.Debug|x64.Build.0 = Debug|Any CPU
		{3473C50F-3233-4995-BF32-C7016C73CF89}.Debug|x86.ActiveCfg = Debug|Any CPU
		{3473C50F-3233-4995-BF32-C7016C73CF89}.Debug|x86.Build.0 = Debug|Any CPU
		{3473C50F-3233-4995-BF32-C7016C73CF89}.Release|Any CPU.ActiveCfg = Release|Any CPU
		{3473C50F-3233-4995-BF32-C7016C73CF89}.Release|Any CPU.Build.0 = Release|Any CPU
		{3473C50F-3233-4995-BF32-C7016C73CF89}.Release|x64.ActiveCfg = Release|Any CPU
		{3473C50F-3233-4995-BF32-C7016C73CF89}.Release|x64.Build.0 = Release|Any CPU
		{3473C50F-3233-4995-BF32-C7016C73CF89}.Release|x86.ActiveCfg = Release|Any CPU
		{3473C50F-3233-4995-BF32-C7016C73CF89}.Release|x86.Build.0 = Release|Any CPU
		{C63D4AF4-7BB0-40D8-AEE1-3BC95C17B94F}.Debug|Any CPU.ActiveCfg = Debug|Any CPU
		{C63D4AF4-7BB0-40D8-AEE1-3BC95C17B94F}.Debug|Any CPU.Build.0 = Debug|Any CPU
		{C63D4AF4-7BB0-40D8-AEE1-3BC95C17B94F}.Debug|x64.ActiveCfg = Debug|Any CPU
		{C63D4AF4-7BB0-40D8-AEE1-3BC95C17B94F}.Debug|x64.Build.0 = Debug|Any CPU
		{C63D4AF4-7BB0-40D8-AEE1-3BC95C17B94F}.Debug|x86.ActiveCfg = Debug|Any CPU
		{C63D4AF4-7BB0-40D8-AEE1-3BC95C17B94F}.Debug|x86.Build.0 = Debug|Any CPU
		{C63D4AF4-7BB0-40D8-AEE1-3BC95C17B94F}.Release|Any CPU.ActiveCfg = Release|Any CPU
		{C63D4AF4-7BB0-40D8-AEE1-3BC95C17B94F}.Release|Any CPU.Build.0 = Release|Any CPU
		{C63D4AF4-7BB0-40D8-AEE1-3BC95C17B94F}.Release|x64.ActiveCfg = Release|Any CPU
		{C63D4AF4-7BB0-40D8-AEE1-3BC95C17B94F}.Release|x64.Build.0 = Release|Any CPU
		{C63D4AF4-7BB0-40D8-AEE1-3BC95C17B94F}.Release|x86.ActiveCfg = Release|Any CPU
		{C63D4AF4-7BB0-40D8-AEE1-3BC95C17B94F}.Release|x86.Build.0 = Release|Any CPU
		{663A19C7-99B5-43EC-A014-972E7F84C919}.Debug|Any CPU.ActiveCfg = Debug|Any CPU
		{663A19C7-99B5-43EC-A014-972E7F84C919}.Debug|Any CPU.Build.0 = Debug|Any CPU
		{663A19C7-99B5-43EC-A014-972E7F84C919}.Debug|x64.ActiveCfg = Debug|Any CPU
		{663A19C7-99B5-43EC-A014-972E7F84C919}.Debug|x64.Build.0 = Debug|Any CPU
		{663A19C7-99B5-43EC-A014-972E7F84C919}.Debug|x86.ActiveCfg = Debug|Any CPU
		{663A19C7-99B5-43EC-A014-972E7F84C919}.Debug|x86.Build.0 = Debug|Any CPU
		{663A19C7-99B5-43EC-A014-972E7F84C919}.Release|Any CPU.ActiveCfg = Release|Any CPU
		{663A19C7-99B5-43EC-A014-972E7F84C919}.Release|Any CPU.Build.0 = Release|Any CPU
		{663A19C7-99B5-43EC-A014-972E7F84C919}.Release|x64.ActiveCfg = Release|Any CPU
		{663A19C7-99B5-43EC-A014-972E7F84C919}.Release|x64.Build.0 = Release|Any CPU
		{663A19C7-99B5-43EC-A014-972E7F84C919}.Release|x86.ActiveCfg = Release|Any CPU
		{663A19C7-99B5-43EC-A014-972E7F84C919}.Release|x86.Build.0 = Release|Any CPU
		{E8F6DBF3-0346-4F07-871D-10C0027A4FF2}.Debug|Any CPU.ActiveCfg = Debug|Any CPU
		{E8F6DBF3-0346-4F07-871D-10C0027A4FF2}.Debug|Any CPU.Build.0 = Debug|Any CPU
		{E8F6DBF3-0346-4F07-871D-10C0027A4FF2}.Debug|x64.ActiveCfg = Debug|Any CPU
		{E8F6DBF3-0346-4F07-871D-10C0027A4FF2}.Debug|x64.Build.0 = Debug|Any CPU
		{E8F6DBF3-0346-4F07-871D-10C0027A4FF2}.Debug|x86.ActiveCfg = Debug|Any CPU
		{E8F6DBF3-0346-4F07-871D-10C0027A4FF2}.Debug|x86.Build.0 = Debug|Any CPU
		{E8F6DBF3-0346-4F07-871D-10C0027A4FF2}.Release|Any CPU.ActiveCfg = Release|Any CPU
		{E8F6DBF3-0346-4F07-871D-10C0027A4FF2}.Release|Any CPU.Build.0 = Release|Any CPU
		{E8F6DBF3-0346-4F07-871D-10C0027A4FF2}.Release|x64.ActiveCfg = Release|Any CPU
		{E8F6DBF3-0346-4F07-871D-10C0027A4FF2}.Release|x64.Build.0 = Release|Any CPU
		{E8F6DBF3-0346-4F07-871D-10C0027A4FF2}.Release|x86.ActiveCfg = Release|Any CPU
		{E8F6DBF3-0346-4F07-871D-10C0027A4FF2}.Release|x86.Build.0 = Release|Any CPU
		{73EADB63-6923-4135-B3E8-57B5B639DE69}.Debug|Any CPU.ActiveCfg = Debug|Any CPU
		{73EADB63-6923-4135-B3E8-57B5B639DE69}.Debug|Any CPU.Build.0 = Debug|Any CPU
		{73EADB63-6923-4135-B3E8-57B5B639DE69}.Debug|x64.ActiveCfg = Debug|Any CPU
		{73EADB63-6923-4135-B3E8-57B5B639DE69}.Debug|x64.Build.0 = Debug|Any CPU
		{73EADB63-6923-4135-B3E8-57B5B639DE69}.Debug|x86.ActiveCfg = Debug|Any CPU
		{73EADB63-6923-4135-B3E8-57B5B639DE69}.Debug|x86.Build.0 = Debug|Any CPU
		{73EADB63-6923-4135-B3E8-57B5B639DE69}.Release|Any CPU.ActiveCfg = Release|Any CPU
		{73EADB63-6923-4135-B3E8-57B5B639DE69}.Release|Any CPU.Build.0 = Release|Any CPU
		{73EADB63-6923-4135-B3E8-57B5B639DE69}.Release|x64.ActiveCfg = Release|Any CPU
		{73EADB63-6923-4135-B3E8-57B5B639DE69}.Release|x64.Build.0 = Release|Any CPU
		{73EADB63-6923-4135-B3E8-57B5B639DE69}.Release|x86.ActiveCfg = Release|Any CPU
		{73EADB63-6923-4135-B3E8-57B5B639DE69}.Release|x86.Build.0 = Release|Any CPU
		{51ED41AE-2B81-49E3-A623-D1F26DCAF17E}.Debug|Any CPU.ActiveCfg = Debug|Any CPU
		{51ED41AE-2B81-49E3-A623-D1F26DCAF17E}.Debug|Any CPU.Build.0 = Debug|Any CPU
		{51ED41AE-2B81-49E3-A623-D1F26DCAF17E}.Debug|x64.ActiveCfg = Debug|Any CPU
		{51ED41AE-2B81-49E3-A623-D1F26DCAF17E}.Debug|x64.Build.0 = Debug|Any CPU
		{51ED41AE-2B81-49E3-A623-D1F26DCAF17E}.Debug|x86.ActiveCfg = Debug|Any CPU
		{51ED41AE-2B81-49E3-A623-D1F26DCAF17E}.Debug|x86.Build.0 = Debug|Any CPU
		{51ED41AE-2B81-49E3-A623-D1F26DCAF17E}.Release|Any CPU.ActiveCfg = Release|Any CPU
		{51ED41AE-2B81-49E3-A623-D1F26DCAF17E}.Release|Any CPU.Build.0 = Release|Any CPU
		{51ED41AE-2B81-49E3-A623-D1F26DCAF17E}.Release|x64.ActiveCfg = Release|Any CPU
		{51ED41AE-2B81-49E3-A623-D1F26DCAF17E}.Release|x64.Build.0 = Release|Any CPU
		{51ED41AE-2B81-49E3-A623-D1F26DCAF17E}.Release|x86.ActiveCfg = Release|Any CPU
		{51ED41AE-2B81-49E3-A623-D1F26DCAF17E}.Release|x86.Build.0 = Release|Any CPU
		{7DF4BEA2-2E49-4661-9465-5C70F6E9193E}.Debug|Any CPU.ActiveCfg = Debug|Any CPU
		{7DF4BEA2-2E49-4661-9465-5C70F6E9193E}.Debug|Any CPU.Build.0 = Debug|Any CPU
		{7DF4BEA2-2E49-4661-9465-5C70F6E9193E}.Debug|x64.ActiveCfg = Debug|Any CPU
		{7DF4BEA2-2E49-4661-9465-5C70F6E9193E}.Debug|x64.Build.0 = Debug|Any CPU
		{7DF4BEA2-2E49-4661-9465-5C70F6E9193E}.Debug|x86.ActiveCfg = Debug|Any CPU
		{7DF4BEA2-2E49-4661-9465-5C70F6E9193E}.Debug|x86.Build.0 = Debug|Any CPU
		{7DF4BEA2-2E49-4661-9465-5C70F6E9193E}.Release|Any CPU.ActiveCfg = Release|Any CPU
		{7DF4BEA2-2E49-4661-9465-5C70F6E9193E}.Release|Any CPU.Build.0 = Release|Any CPU
		{7DF4BEA2-2E49-4661-9465-5C70F6E9193E}.Release|x64.ActiveCfg = Release|Any CPU
		{7DF4BEA2-2E49-4661-9465-5C70F6E9193E}.Release|x64.Build.0 = Release|Any CPU
		{7DF4BEA2-2E49-4661-9465-5C70F6E9193E}.Release|x86.ActiveCfg = Release|Any CPU
		{7DF4BEA2-2E49-4661-9465-5C70F6E9193E}.Release|x86.Build.0 = Release|Any CPU
		{2F13B309-A64E-43E1-89A4-3A7C9CC9B779}.Debug|Any CPU.ActiveCfg = Debug|Any CPU
		{2F13B309-A64E-43E1-89A4-3A7C9CC9B779}.Debug|Any CPU.Build.0 = Debug|Any CPU
		{2F13B309-A64E-43E1-89A4-3A7C9CC9B779}.Debug|x64.ActiveCfg = Debug|Any CPU
		{2F13B309-A64E-43E1-89A4-3A7C9CC9B779}.Debug|x64.Build.0 = Debug|Any CPU
		{2F13B309-A64E-43E1-89A4-3A7C9CC9B779}.Debug|x86.ActiveCfg = Debug|Any CPU
		{2F13B309-A64E-43E1-89A4-3A7C9CC9B779}.Debug|x86.Build.0 = Debug|Any CPU
		{2F13B309-A64E-43E1-89A4-3A7C9CC9B779}.Release|Any CPU.ActiveCfg = Release|Any CPU
		{2F13B309-A64E-43E1-89A4-3A7C9CC9B779}.Release|Any CPU.Build.0 = Release|Any CPU
		{2F13B309-A64E-43E1-89A4-3A7C9CC9B779}.Release|x64.ActiveCfg = Release|Any CPU
		{2F13B309-A64E-43E1-89A4-3A7C9CC9B779}.Release|x64.Build.0 = Release|Any CPU
		{2F13B309-A64E-43E1-89A4-3A7C9CC9B779}.Release|x86.ActiveCfg = Release|Any CPU
		{2F13B309-A64E-43E1-89A4-3A7C9CC9B779}.Release|x86.Build.0 = Release|Any CPU
		{66176812-9CEC-4F0A-97B5-C724405AAD9E}.Debug|Any CPU.ActiveCfg = Debug|Any CPU
		{66176812-9CEC-4F0A-97B5-C724405AAD9E}.Debug|Any CPU.Build.0 = Debug|Any CPU
		{66176812-9CEC-4F0A-97B5-C724405AAD9E}.Debug|x64.ActiveCfg = Debug|Any CPU
		{66176812-9CEC-4F0A-97B5-C724405AAD9E}.Debug|x64.Build.0 = Debug|Any CPU
		{66176812-9CEC-4F0A-97B5-C724405AAD9E}.Debug|x86.ActiveCfg = Debug|Any CPU
		{66176812-9CEC-4F0A-97B5-C724405AAD9E}.Debug|x86.Build.0 = Debug|Any CPU
		{66176812-9CEC-4F0A-97B5-C724405AAD9E}.Release|Any CPU.ActiveCfg = Release|Any CPU
		{66176812-9CEC-4F0A-97B5-C724405AAD9E}.Release|Any CPU.Build.0 = Release|Any CPU
		{66176812-9CEC-4F0A-97B5-C724405AAD9E}.Release|x64.ActiveCfg = Release|Any CPU
		{66176812-9CEC-4F0A-97B5-C724405AAD9E}.Release|x64.Build.0 = Release|Any CPU
		{66176812-9CEC-4F0A-97B5-C724405AAD9E}.Release|x86.ActiveCfg = Release|Any CPU
		{66176812-9CEC-4F0A-97B5-C724405AAD9E}.Release|x86.Build.0 = Release|Any CPU
		{8D0705FD-1034-49A9-85D1-E0F1F3EE0E73}.Debug|Any CPU.ActiveCfg = Debug|Any CPU
		{8D0705FD-1034-49A9-85D1-E0F1F3EE0E73}.Debug|Any CPU.Build.0 = Debug|Any CPU
		{8D0705FD-1034-49A9-85D1-E0F1F3EE0E73}.Debug|x64.ActiveCfg = Debug|Any CPU
		{8D0705FD-1034-49A9-85D1-E0F1F3EE0E73}.Debug|x64.Build.0 = Debug|Any CPU
		{8D0705FD-1034-49A9-85D1-E0F1F3EE0E73}.Debug|x86.ActiveCfg = Debug|Any CPU
		{8D0705FD-1034-49A9-85D1-E0F1F3EE0E73}.Debug|x86.Build.0 = Debug|Any CPU
		{8D0705FD-1034-49A9-85D1-E0F1F3EE0E73}.Release|Any CPU.ActiveCfg = Release|Any CPU
		{8D0705FD-1034-49A9-85D1-E0F1F3EE0E73}.Release|Any CPU.Build.0 = Release|Any CPU
		{8D0705FD-1034-49A9-85D1-E0F1F3EE0E73}.Release|x64.ActiveCfg = Release|Any CPU
		{8D0705FD-1034-49A9-85D1-E0F1F3EE0E73}.Release|x64.Build.0 = Release|Any CPU
		{8D0705FD-1034-49A9-85D1-E0F1F3EE0E73}.Release|x86.ActiveCfg = Release|Any CPU
		{8D0705FD-1034-49A9-85D1-E0F1F3EE0E73}.Release|x86.Build.0 = Release|Any CPU
		{1B642529-4365-45A7-8C6C-BDB91A828CA1}.Debug|Any CPU.ActiveCfg = Debug|Any CPU
		{1B642529-4365-45A7-8C6C-BDB91A828CA1}.Debug|Any CPU.Build.0 = Debug|Any CPU
		{1B642529-4365-45A7-8C6C-BDB91A828CA1}.Debug|x64.ActiveCfg = Debug|Any CPU
		{1B642529-4365-45A7-8C6C-BDB91A828CA1}.Debug|x64.Build.0 = Debug|Any CPU
		{1B642529-4365-45A7-8C6C-BDB91A828CA1}.Debug|x86.ActiveCfg = Debug|Any CPU
		{1B642529-4365-45A7-8C6C-BDB91A828CA1}.Debug|x86.Build.0 = Debug|Any CPU
		{1B642529-4365-45A7-8C6C-BDB91A828CA1}.Release|Any CPU.ActiveCfg = Release|Any CPU
		{1B642529-4365-45A7-8C6C-BDB91A828CA1}.Release|Any CPU.Build.0 = Release|Any CPU
		{1B642529-4365-45A7-8C6C-BDB91A828CA1}.Release|x64.ActiveCfg = Release|Any CPU
		{1B642529-4365-45A7-8C6C-BDB91A828CA1}.Release|x64.Build.0 = Release|Any CPU
		{1B642529-4365-45A7-8C6C-BDB91A828CA1}.Release|x86.ActiveCfg = Release|Any CPU
		{1B642529-4365-45A7-8C6C-BDB91A828CA1}.Release|x86.Build.0 = Release|Any CPU
		{CA17714C-52B2-4FF4-8085-A4B34D0DDBE8}.Debug|Any CPU.ActiveCfg = Debug|Any CPU
		{CA17714C-52B2-4FF4-8085-A4B34D0DDBE8}.Debug|Any CPU.Build.0 = Debug|Any CPU
		{CA17714C-52B2-4FF4-8085-A4B34D0DDBE8}.Debug|x64.ActiveCfg = Debug|Any CPU
		{CA17714C-52B2-4FF4-8085-A4B34D0DDBE8}.Debug|x64.Build.0 = Debug|Any CPU
		{CA17714C-52B2-4FF4-8085-A4B34D0DDBE8}.Debug|x86.ActiveCfg = Debug|Any CPU
		{CA17714C-52B2-4FF4-8085-A4B34D0DDBE8}.Debug|x86.Build.0 = Debug|Any CPU
		{CA17714C-52B2-4FF4-8085-A4B34D0DDBE8}.Release|Any CPU.ActiveCfg = Release|Any CPU
		{CA17714C-52B2-4FF4-8085-A4B34D0DDBE8}.Release|Any CPU.Build.0 = Release|Any CPU
		{CA17714C-52B2-4FF4-8085-A4B34D0DDBE8}.Release|x64.ActiveCfg = Release|Any CPU
		{CA17714C-52B2-4FF4-8085-A4B34D0DDBE8}.Release|x64.Build.0 = Release|Any CPU
		{CA17714C-52B2-4FF4-8085-A4B34D0DDBE8}.Release|x86.ActiveCfg = Release|Any CPU
		{CA17714C-52B2-4FF4-8085-A4B34D0DDBE8}.Release|x86.Build.0 = Release|Any CPU
		{98EE9669-5F03-46C9-86CE-93DE05D87130}.Debug|Any CPU.ActiveCfg = Debug|Any CPU
		{98EE9669-5F03-46C9-86CE-93DE05D87130}.Debug|Any CPU.Build.0 = Debug|Any CPU
		{98EE9669-5F03-46C9-86CE-93DE05D87130}.Debug|x64.ActiveCfg = Debug|Any CPU
		{98EE9669-5F03-46C9-86CE-93DE05D87130}.Debug|x64.Build.0 = Debug|Any CPU
		{98EE9669-5F03-46C9-86CE-93DE05D87130}.Debug|x86.ActiveCfg = Debug|Any CPU
		{98EE9669-5F03-46C9-86CE-93DE05D87130}.Debug|x86.Build.0 = Debug|Any CPU
		{98EE9669-5F03-46C9-86CE-93DE05D87130}.Release|Any CPU.ActiveCfg = Release|Any CPU
		{98EE9669-5F03-46C9-86CE-93DE05D87130}.Release|Any CPU.Build.0 = Release|Any CPU
		{98EE9669-5F03-46C9-86CE-93DE05D87130}.Release|x64.ActiveCfg = Release|Any CPU
		{98EE9669-5F03-46C9-86CE-93DE05D87130}.Release|x64.Build.0 = Release|Any CPU
		{98EE9669-5F03-46C9-86CE-93DE05D87130}.Release|x86.ActiveCfg = Release|Any CPU
		{98EE9669-5F03-46C9-86CE-93DE05D87130}.Release|x86.Build.0 = Release|Any CPU
		{3AE06B22-BC4A-4446-98B6-AC5BD3172C68}.Debug|Any CPU.ActiveCfg = Debug|Any CPU
		{3AE06B22-BC4A-4446-98B6-AC5BD3172C68}.Debug|Any CPU.Build.0 = Debug|Any CPU
		{3AE06B22-BC4A-4446-98B6-AC5BD3172C68}.Debug|x64.ActiveCfg = Debug|Any CPU
		{3AE06B22-BC4A-4446-98B6-AC5BD3172C68}.Debug|x64.Build.0 = Debug|Any CPU
		{3AE06B22-BC4A-4446-98B6-AC5BD3172C68}.Debug|x86.ActiveCfg = Debug|Any CPU
		{3AE06B22-BC4A-4446-98B6-AC5BD3172C68}.Debug|x86.Build.0 = Debug|Any CPU
		{3AE06B22-BC4A-4446-98B6-AC5BD3172C68}.Release|Any CPU.ActiveCfg = Release|Any CPU
		{3AE06B22-BC4A-4446-98B6-AC5BD3172C68}.Release|Any CPU.Build.0 = Release|Any CPU
		{3AE06B22-BC4A-4446-98B6-AC5BD3172C68}.Release|x64.ActiveCfg = Release|Any CPU
		{3AE06B22-BC4A-4446-98B6-AC5BD3172C68}.Release|x64.Build.0 = Release|Any CPU
		{3AE06B22-BC4A-4446-98B6-AC5BD3172C68}.Release|x86.ActiveCfg = Release|Any CPU
		{3AE06B22-BC4A-4446-98B6-AC5BD3172C68}.Release|x86.Build.0 = Release|Any CPU
		{4B63B0B6-192B-4612-9E9A-6B6DF20CD968}.Debug|Any CPU.ActiveCfg = Debug|Any CPU
		{4B63B0B6-192B-4612-9E9A-6B6DF20CD968}.Debug|Any CPU.Build.0 = Debug|Any CPU
		{4B63B0B6-192B-4612-9E9A-6B6DF20CD968}.Debug|x64.ActiveCfg = Debug|Any CPU
		{4B63B0B6-192B-4612-9E9A-6B6DF20CD968}.Debug|x64.Build.0 = Debug|Any CPU
		{4B63B0B6-192B-4612-9E9A-6B6DF20CD968}.Debug|x86.ActiveCfg = Debug|Any CPU
		{4B63B0B6-192B-4612-9E9A-6B6DF20CD968}.Debug|x86.Build.0 = Debug|Any CPU
		{4B63B0B6-192B-4612-9E9A-6B6DF20CD968}.Release|Any CPU.ActiveCfg = Release|Any CPU
		{4B63B0B6-192B-4612-9E9A-6B6DF20CD968}.Release|Any CPU.Build.0 = Release|Any CPU
		{4B63B0B6-192B-4612-9E9A-6B6DF20CD968}.Release|x64.ActiveCfg = Release|Any CPU
		{4B63B0B6-192B-4612-9E9A-6B6DF20CD968}.Release|x64.Build.0 = Release|Any CPU
		{4B63B0B6-192B-4612-9E9A-6B6DF20CD968}.Release|x86.ActiveCfg = Release|Any CPU
		{4B63B0B6-192B-4612-9E9A-6B6DF20CD968}.Release|x86.Build.0 = Release|Any CPU
		{C74EFCA3-D58D-4A77-899A-550A96A4D2BF}.Debug|Any CPU.ActiveCfg = Debug|Any CPU
		{C74EFCA3-D58D-4A77-899A-550A96A4D2BF}.Debug|Any CPU.Build.0 = Debug|Any CPU
		{C74EFCA3-D58D-4A77-899A-550A96A4D2BF}.Debug|x64.ActiveCfg = Debug|Any CPU
		{C74EFCA3-D58D-4A77-899A-550A96A4D2BF}.Debug|x64.Build.0 = Debug|Any CPU
		{C74EFCA3-D58D-4A77-899A-550A96A4D2BF}.Debug|x86.ActiveCfg = Debug|Any CPU
		{C74EFCA3-D58D-4A77-899A-550A96A4D2BF}.Debug|x86.Build.0 = Debug|Any CPU
		{C74EFCA3-D58D-4A77-899A-550A96A4D2BF}.Release|Any CPU.ActiveCfg = Release|Any CPU
		{C74EFCA3-D58D-4A77-899A-550A96A4D2BF}.Release|Any CPU.Build.0 = Release|Any CPU
		{C74EFCA3-D58D-4A77-899A-550A96A4D2BF}.Release|x64.ActiveCfg = Release|Any CPU
		{C74EFCA3-D58D-4A77-899A-550A96A4D2BF}.Release|x64.Build.0 = Release|Any CPU
		{C74EFCA3-D58D-4A77-899A-550A96A4D2BF}.Release|x86.ActiveCfg = Release|Any CPU
		{C74EFCA3-D58D-4A77-899A-550A96A4D2BF}.Release|x86.Build.0 = Release|Any CPU
		{2E03A0D0-9967-4DD5-A2CE-999DFF23A78E}.Debug|Any CPU.ActiveCfg = Debug|Any CPU
		{2E03A0D0-9967-4DD5-A2CE-999DFF23A78E}.Debug|Any CPU.Build.0 = Debug|Any CPU
		{2E03A0D0-9967-4DD5-A2CE-999DFF23A78E}.Debug|x64.ActiveCfg = Debug|Any CPU
		{2E03A0D0-9967-4DD5-A2CE-999DFF23A78E}.Debug|x64.Build.0 = Debug|Any CPU
		{2E03A0D0-9967-4DD5-A2CE-999DFF23A78E}.Debug|x86.ActiveCfg = Debug|Any CPU
		{2E03A0D0-9967-4DD5-A2CE-999DFF23A78E}.Debug|x86.Build.0 = Debug|Any CPU
		{2E03A0D0-9967-4DD5-A2CE-999DFF23A78E}.Release|Any CPU.ActiveCfg = Release|Any CPU
		{2E03A0D0-9967-4DD5-A2CE-999DFF23A78E}.Release|Any CPU.Build.0 = Release|Any CPU
		{2E03A0D0-9967-4DD5-A2CE-999DFF23A78E}.Release|x64.ActiveCfg = Release|Any CPU
		{2E03A0D0-9967-4DD5-A2CE-999DFF23A78E}.Release|x64.Build.0 = Release|Any CPU
		{2E03A0D0-9967-4DD5-A2CE-999DFF23A78E}.Release|x86.ActiveCfg = Release|Any CPU
		{2E03A0D0-9967-4DD5-A2CE-999DFF23A78E}.Release|x86.Build.0 = Release|Any CPU
		{32753459-3405-4163-83FC-B9CBA6269DA6}.Debug|Any CPU.ActiveCfg = Debug|Any CPU
		{32753459-3405-4163-83FC-B9CBA6269DA6}.Debug|Any CPU.Build.0 = Debug|Any CPU
		{32753459-3405-4163-83FC-B9CBA6269DA6}.Debug|x64.ActiveCfg = Debug|Any CPU
		{32753459-3405-4163-83FC-B9CBA6269DA6}.Debug|x64.Build.0 = Debug|Any CPU
		{32753459-3405-4163-83FC-B9CBA6269DA6}.Debug|x86.ActiveCfg = Debug|Any CPU
		{32753459-3405-4163-83FC-B9CBA6269DA6}.Debug|x86.Build.0 = Debug|Any CPU
		{32753459-3405-4163-83FC-B9CBA6269DA6}.Release|Any CPU.ActiveCfg = Release|Any CPU
		{32753459-3405-4163-83FC-B9CBA6269DA6}.Release|Any CPU.Build.0 = Release|Any CPU
		{32753459-3405-4163-83FC-B9CBA6269DA6}.Release|x64.ActiveCfg = Release|Any CPU
		{32753459-3405-4163-83FC-B9CBA6269DA6}.Release|x64.Build.0 = Release|Any CPU
		{32753459-3405-4163-83FC-B9CBA6269DA6}.Release|x86.ActiveCfg = Release|Any CPU
		{32753459-3405-4163-83FC-B9CBA6269DA6}.Release|x86.Build.0 = Release|Any CPU
		{9E7B8210-2551-4B24-82CD-B9D78CC3B38C}.Debug|Any CPU.ActiveCfg = Debug|Any CPU
		{9E7B8210-2551-4B24-82CD-B9D78CC3B38C}.Debug|Any CPU.Build.0 = Debug|Any CPU
		{9E7B8210-2551-4B24-82CD-B9D78CC3B38C}.Debug|x64.ActiveCfg = Debug|Any CPU
		{9E7B8210-2551-4B24-82CD-B9D78CC3B38C}.Debug|x64.Build.0 = Debug|Any CPU
		{9E7B8210-2551-4B24-82CD-B9D78CC3B38C}.Debug|x86.ActiveCfg = Debug|Any CPU
		{9E7B8210-2551-4B24-82CD-B9D78CC3B38C}.Debug|x86.Build.0 = Debug|Any CPU
		{9E7B8210-2551-4B24-82CD-B9D78CC3B38C}.Release|Any CPU.ActiveCfg = Release|Any CPU
		{9E7B8210-2551-4B24-82CD-B9D78CC3B38C}.Release|Any CPU.Build.0 = Release|Any CPU
		{9E7B8210-2551-4B24-82CD-B9D78CC3B38C}.Release|x64.ActiveCfg = Release|Any CPU
		{9E7B8210-2551-4B24-82CD-B9D78CC3B38C}.Release|x64.Build.0 = Release|Any CPU
		{9E7B8210-2551-4B24-82CD-B9D78CC3B38C}.Release|x86.ActiveCfg = Release|Any CPU
		{9E7B8210-2551-4B24-82CD-B9D78CC3B38C}.Release|x86.Build.0 = Release|Any CPU
	EndGlobalSection
	GlobalSection(SolutionProperties) = preSolution
		HideSolutionNode = FALSE
	EndGlobalSection
	GlobalSection(NestedProjects) = preSolution
		{3572CA0F-160E-4418-AB9B-5D865AB4D141} = {827E0CD3-B72D-47B6-A68D-7590B98EB39B}
		{C588D33F-CD67-4905-9AFF-27736BA5C7E2} = {827E0CD3-B72D-47B6-A68D-7590B98EB39B}
		{32A09B0A-FB0B-4202-81E3-F1B98816CAD3} = {827E0CD3-B72D-47B6-A68D-7590B98EB39B}
		{4B43746E-379F-434B-B96B-EC8F83EFB145} = {827E0CD3-B72D-47B6-A68D-7590B98EB39B}
		{09328AC2-EEAA-40E2-89E1-E27DB9EEFC96} = {827E0CD3-B72D-47B6-A68D-7590B98EB39B}
		{68208829-ED58-46E6-BB11-9CBF0DAE9362} = {827E0CD3-B72D-47B6-A68D-7590B98EB39B}
		{B0FD246E-018D-4972-A2AF-CEB0A060F549} = {827E0CD3-B72D-47B6-A68D-7590B98EB39B}
		{07FD2A4F-861A-4255-9BD5-75E0DBF88B48} = {827E0CD3-B72D-47B6-A68D-7590B98EB39B}
		{EDA2C40D-6491-49EB-BB2E-0DD3893B0DFC} = {827E0CD3-B72D-47B6-A68D-7590B98EB39B}
		{DC2C8EA6-B871-4876-8C03-07571712C732} = {827E0CD3-B72D-47B6-A68D-7590B98EB39B}
		{CAD735DD-A6BB-4531-8C86-DC76224CB33E} = {827E0CD3-B72D-47B6-A68D-7590B98EB39B}
		{94A4CD79-0E3E-46CE-8DDF-14B678D54B7B} = {827E0CD3-B72D-47B6-A68D-7590B98EB39B}
		{6EBBD268-E63C-4C50-93B1-EB2417948C53} = {827E0CD3-B72D-47B6-A68D-7590B98EB39B}
		{594F9E83-3D20-48DA-B058-D40041C603B4} = {827E0CD3-B72D-47B6-A68D-7590B98EB39B}
		{CD307CB3-8F71-4C7B-B77E-62DAA3BEDE32} = {827E0CD3-B72D-47B6-A68D-7590B98EB39B}
		{D6CF176C-9B46-4346-81F8-1778A2EFCB16} = {827E0CD3-B72D-47B6-A68D-7590B98EB39B}
		{88A24185-D707-4E82-820B-D1A5F63951BD} = {827E0CD3-B72D-47B6-A68D-7590B98EB39B}
		{D386688B-EC07-48AD-8C11-A2E76D9BBE4D} = {827E0CD3-B72D-47B6-A68D-7590B98EB39B}
		{0E4AAC80-9B72-451C-BD36-5549521912A0} = {827E0CD3-B72D-47B6-A68D-7590B98EB39B}
		{97A47A70-3560-47B2-A75E-5AD9E10FA5A0} = {827E0CD3-B72D-47B6-A68D-7590B98EB39B}
		{F7ECD51B-7E56-4EFD-B765-A5DB4516B4E0} = {827E0CD3-B72D-47B6-A68D-7590B98EB39B}
		{F3BB771E-7089-446F-B9AC-FAB23A37A8E4} = {0AB3BF05-4346-4AA6-1389-037BE0695223}
		{3473C50F-3233-4995-BF32-C7016C73CF89} = {0AB3BF05-4346-4AA6-1389-037BE0695223}
		{C63D4AF4-7BB0-40D8-AEE1-3BC95C17B94F} = {0AB3BF05-4346-4AA6-1389-037BE0695223}
		{663A19C7-99B5-43EC-A014-972E7F84C919} = {0AB3BF05-4346-4AA6-1389-037BE0695223}
		{E8F6DBF3-0346-4F07-871D-10C0027A4FF2} = {0AB3BF05-4346-4AA6-1389-037BE0695223}
		{73EADB63-6923-4135-B3E8-57B5B639DE69} = {0AB3BF05-4346-4AA6-1389-037BE0695223}
		{51ED41AE-2B81-49E3-A623-D1F26DCAF17E} = {0AB3BF05-4346-4AA6-1389-037BE0695223}
		{7DF4BEA2-2E49-4661-9465-5C70F6E9193E} = {0AB3BF05-4346-4AA6-1389-037BE0695223}
		{2F13B309-A64E-43E1-89A4-3A7C9CC9B779} = {0AB3BF05-4346-4AA6-1389-037BE0695223}
		{66176812-9CEC-4F0A-97B5-C724405AAD9E} = {0AB3BF05-4346-4AA6-1389-037BE0695223}
		{8D0705FD-1034-49A9-85D1-E0F1F3EE0E73} = {0AB3BF05-4346-4AA6-1389-037BE0695223}
		{1B642529-4365-45A7-8C6C-BDB91A828CA1} = {0AB3BF05-4346-4AA6-1389-037BE0695223}
		{CA17714C-52B2-4FF4-8085-A4B34D0DDBE8} = {0AB3BF05-4346-4AA6-1389-037BE0695223}
		{98EE9669-5F03-46C9-86CE-93DE05D87130} = {0AB3BF05-4346-4AA6-1389-037BE0695223}
		{3AE06B22-BC4A-4446-98B6-AC5BD3172C68} = {0AB3BF05-4346-4AA6-1389-037BE0695223}
		{4B63B0B6-192B-4612-9E9A-6B6DF20CD968} = {0AB3BF05-4346-4AA6-1389-037BE0695223}
		{C74EFCA3-D58D-4A77-899A-550A96A4D2BF} = {0AB3BF05-4346-4AA6-1389-037BE0695223}
		{2E03A0D0-9967-4DD5-A2CE-999DFF23A78E} = {0AB3BF05-4346-4AA6-1389-037BE0695223}
		{32753459-3405-4163-83FC-B9CBA6269DA6} = {0AB3BF05-4346-4AA6-1389-037BE0695223}
		{9E7B8210-2551-4B24-82CD-B9D78CC3B38C} = {0AB3BF05-4346-4AA6-1389-037BE0695223}
	EndGlobalSection
EndGlobal
