
Microsoft Visual Studio Solution File, Format Version 12.00
# Visual Studio Version 17
VisualStudioVersion = 17.2.32630.192
MinimumVisualStudioVersion = 15.0.26124.0
Project("{2150E333-8FDC-42A3-9474-1A3956D46DE8}") = ".paket", ".paket", "{4F3C6D69-1B1C-4FA2-BEC0-9AF12EEFA2C0}"
	ProjectSection(SolutionItems) = preProject
		paket.dependencies = paket.dependencies
	EndProjectSection
EndProject
Project("{2150E333-8FDC-42A3-9474-1A3956D46DE8}") = "Solution Items", "Solution Items", "{08CCFCF6-2248-43ED-A6EF-E972A2DA0E6A}"
	ProjectSection(SolutionItems) = preProject
		package-lock.json = package-lock.json
		package.json = package.json
		README.md = README.md
	EndProjectSection
EndProject
Project("{2150E333-8FDC-42A3-9474-1A3956D46DE8}") = "src", "src", "{F84DCF8A-FC1A-4677-AF4D-616AD7DB3470}"
EndProject
Project("{6EC3EE1D-3C4E-46DD-8F32-0CC8E7565705}") = "Server", "src\Server\Server.fsproj", "{B56110F0-2D27-4718-8C80-E7FDE3439A63}"
EndProject
Project("{2150E333-8FDC-42A3-9474-1A3956D46DE8}") = "tests", "tests", "{E75733BC-FF1B-477D-AEAE-43CD0DE5490B}"
EndProject
Project("{6EC3EE1D-3C4E-46DD-8F32-0CC8E7565705}") = "Server.Tests", "tests\Server\Server.Tests.fsproj", "{2B51B8DF-3870-43A4-9448-C52340CC6089}"
EndProject
Project("{F2A71F9B-5D33-465A-A702-920D77279786}") = "Informedica.Utils.Lib", "src\Informedica.Utils.Lib\Informedica.Utils.Lib.fsproj", "{9789757D-51CB-44CD-BAC3-0B830B57ADC1}"
EndProject
Project("{F2A71F9B-5D33-465A-A702-920D77279786}") = "Informedica.GenCore.Lib", "src\Informedica.GenCore.Lib\Informedica.GenCore.Lib.fsproj", "{7873AD74-4087-4EC4-8BA4-D801E8428C72}"
EndProject
Project("{F2A71F9B-5D33-465A-A702-920D77279786}") = "Informedica.ZIndex.Lib", "src\Informedica.ZIndex.Lib\Informedica.ZIndex.Lib.fsproj", "{D46CDFBF-88BC-4F4D-AEF9-CBE1904C9325}"
EndProject
Project("{F2A71F9B-5D33-465A-A702-920D77279786}") = "Informedica.ZForm.Lib", "src\Informedica.ZForm.Lib\Informedica.ZForm.Lib.fsproj", "{A96A6E6A-33CC-42DC-9A78-8FA1AE69800B}"
EndProject
Project("{F2A71F9B-5D33-465A-A702-920D77279786}") = "Informedica.GenUnits.Lib", "src\Informedica.GenUnits.Lib\Informedica.GenUnits.Lib.fsproj", "{35D4D272-3F90-4074-8D44-D35577E263CD}"
EndProject
Project("{F2A71F9B-5D33-465A-A702-920D77279786}") = "Informedica.GenForm.Lib", "src\Informedica.GenForm.Lib\Informedica.GenForm.Lib.fsproj", "{295B75CC-AA39-4A0E-BAAA-E86558353180}"
EndProject
Project("{F2A71F9B-5D33-465A-A702-920D77279786}") = "Informedica.GenOrder.Lib", "src\Informedica.GenOrder.Lib\Informedica.GenOrder.Lib.fsproj", "{42265B18-0F48-4922-A934-0E02F36A607C}"
EndProject
Project("{F2A71F9B-5D33-465A-A702-920D77279786}") = "Informedica.GenSolver.Lib", "src\Informedica.GenSolver.Lib\Informedica.GenSolver.Lib.fsproj", "{9BCE46C1-2ED6-4747-8519-A78223366043}"
EndProject
Project("{F2A71F9B-5D33-465A-A702-920D77279786}") = "Informedica.Utils.Tests", "tests\Informedica.Utils.Tests\Informedica.Utils.Tests.fsproj", "{60DA999E-A773-4356-AE69-7CA1AA17822B}"
EndProject
Project("{F2A71F9B-5D33-465A-A702-920D77279786}") = "Informedica.GenCore.Tests", "tests\Informedica.GenCore.Tests\Informedica.GenCore.Tests.fsproj", "{839ECC65-DD51-414A-B25F-67F4C171C2B9}"
EndProject
Project("{F2A71F9B-5D33-465A-A702-920D77279786}") = "Informedica.GenOrder.Tests", "tests\Informedica.GenOrder.Tests\Informedica.GenOrder.Tests.fsproj", "{8C21053E-AFD9-4401-9B53-A5210DB5A565}"
EndProject
Project("{F2A71F9B-5D33-465A-A702-920D77279786}") = "Informedica.GenSolver.Tests", "tests\Informedica.GenSolver.Tests\Informedica.GenSolver.Tests.fsproj", "{2AE7D9AB-E95C-402F-91A6-F66B9E2B2762}"
EndProject
Project("{F2A71F9B-5D33-465A-A702-920D77279786}") = "Informedica.GenUnits.Tests", "tests\Informedica.GenUnits.Tests\Informedica.GenUnits.Tests.fsproj", "{6E6E43C6-454D-4191-8DE8-A215609581BB}"
EndProject
Project("{F2A71F9B-5D33-465A-A702-920D77279786}") = "Informedica.ZIndex.Tests", "tests\Informedica.ZIndex.Tests\Informedica.ZIndex.Tests.fsproj", "{CEB3D1F1-0D5B-4438-B0EC-F448430E1635}"
EndProject
Project("{F2A71F9B-5D33-465A-A702-920D77279786}") = "Informedica.KinderFormularium.Lib", "src\Informedica.KinderFormularium.Lib\Informedica.KinderFormularium.Lib.fsproj", "{8CFFC9FE-B559-48F6-80E6-D2D4B9CCE219}"
EndProject
Project("{F2A71F9B-5D33-465A-A702-920D77279786}") = "Informedica.GenForm.Tests", "tests\Informedica.GenForm.Tests\Informedica.GenForm.Tests.fsproj", "{73C084AF-54F4-4B39-A7F9-F0A2A3AB9DD5}"
EndProject
Project("{F2A71F9B-5D33-465A-A702-920D77279786}") = "Informedica.OpenAI.Lib", "src\Informedica.OpenAI.Lib\Informedica.OpenAI.Lib.fsproj", "{5B13678B-1260-4B21-B5FF-7F8C8A9B1BD2}"
EndProject
Project("{F2A71F9B-5D33-465A-A702-920D77279786}") = "Client", "src\Client\Client.fsproj", "{3F834542-C97F-40F3-B687-0F6DBD622896}"
EndProject
Project("{F2A71F9B-5D33-465A-A702-920D77279786}") = "Informedica.Logging.Lib", "src\Informedica.Logging.Lib\Informedica.Logging.Lib.fsproj", "{679D22C2-4370-4449-8CF9-C5BDF8E3AD62}"
EndProject
Project("{F2A71F9B-5D33-465A-A702-920D77279786}") = "Informedica.Agents.Lib", "src\Informedica.Agents.Lib\Informedica.Agents.Lib.fsproj", "{7BBCC2FD-4139-46BD-8C00-E808DA1FF85F}"
EndProject
Global
	GlobalSection(SolutionConfigurationPlatforms) = preSolution
		Debug|Any CPU = Debug|Any CPU
		Debug|x64 = Debug|x64
		Debug|x86 = Debug|x86
		Release|Any CPU = Release|Any CPU
		Release|x64 = Release|x64
		Release|x86 = Release|x86
	EndGlobalSection
	GlobalSection(ProjectConfigurationPlatforms) = postSolution
		{B56110F0-2D27-4718-8C80-E7FDE3439A63}.Debug|Any CPU.ActiveCfg = Debug|Any CPU
		{B56110F0-2D27-4718-8C80-E7FDE3439A63}.Debug|Any CPU.Build.0 = Debug|Any CPU
		{B56110F0-2D27-4718-8C80-E7FDE3439A63}.Debug|x64.ActiveCfg = Debug|Any CPU
		{B56110F0-2D27-4718-8C80-E7FDE3439A63}.Debug|x64.Build.0 = Debug|Any CPU
		{B56110F0-2D27-4718-8C80-E7FDE3439A63}.Debug|x86.ActiveCfg = Debug|Any CPU
		{B56110F0-2D27-4718-8C80-E7FDE3439A63}.Debug|x86.Build.0 = Debug|Any CPU
		{B56110F0-2D27-4718-8C80-E7FDE3439A63}.Release|Any CPU.ActiveCfg = Release|Any CPU
		{B56110F0-2D27-4718-8C80-E7FDE3439A63}.Release|Any CPU.Build.0 = Release|Any CPU
		{B56110F0-2D27-4718-8C80-E7FDE3439A63}.Release|x64.ActiveCfg = Release|Any CPU
		{B56110F0-2D27-4718-8C80-E7FDE3439A63}.Release|x64.Build.0 = Release|Any CPU
		{B56110F0-2D27-4718-8C80-E7FDE3439A63}.Release|x86.ActiveCfg = Release|Any CPU
		{B56110F0-2D27-4718-8C80-E7FDE3439A63}.Release|x86.Build.0 = Release|Any CPU
		{2B51B8DF-3870-43A4-9448-C52340CC6089}.Debug|Any CPU.ActiveCfg = Debug|Any CPU
		{2B51B8DF-3870-43A4-9448-C52340CC6089}.Debug|Any CPU.Build.0 = Debug|Any CPU
		{2B51B8DF-3870-43A4-9448-C52340CC6089}.Debug|x64.ActiveCfg = Debug|Any CPU
		{2B51B8DF-3870-43A4-9448-C52340CC6089}.Debug|x64.Build.0 = Debug|Any CPU
		{2B51B8DF-3870-43A4-9448-C52340CC6089}.Debug|x86.ActiveCfg = Debug|Any CPU
		{2B51B8DF-3870-43A4-9448-C52340CC6089}.Debug|x86.Build.0 = Debug|Any CPU
		{2B51B8DF-3870-43A4-9448-C52340CC6089}.Release|Any CPU.ActiveCfg = Release|Any CPU
		{2B51B8DF-3870-43A4-9448-C52340CC6089}.Release|Any CPU.Build.0 = Release|Any CPU
		{2B51B8DF-3870-43A4-9448-C52340CC6089}.Release|x64.ActiveCfg = Release|Any CPU
		{2B51B8DF-3870-43A4-9448-C52340CC6089}.Release|x64.Build.0 = Release|Any CPU
		{2B51B8DF-3870-43A4-9448-C52340CC6089}.Release|x86.ActiveCfg = Release|Any CPU
		{2B51B8DF-3870-43A4-9448-C52340CC6089}.Release|x86.Build.0 = Release|Any CPU
		{9789757D-51CB-44CD-BAC3-0B830B57ADC1}.Debug|Any CPU.ActiveCfg = Debug|Any CPU
		{9789757D-51CB-44CD-BAC3-0B830B57ADC1}.Debug|Any CPU.Build.0 = Debug|Any CPU
		{9789757D-51CB-44CD-BAC3-0B830B57ADC1}.Debug|x64.ActiveCfg = Debug|Any CPU
		{9789757D-51CB-44CD-BAC3-0B830B57ADC1}.Debug|x64.Build.0 = Debug|Any CPU
		{9789757D-51CB-44CD-BAC3-0B830B57ADC1}.Debug|x86.ActiveCfg = Debug|Any CPU
		{9789757D-51CB-44CD-BAC3-0B830B57ADC1}.Debug|x86.Build.0 = Debug|Any CPU
		{9789757D-51CB-44CD-BAC3-0B830B57ADC1}.Release|Any CPU.ActiveCfg = Release|Any CPU
		{9789757D-51CB-44CD-BAC3-0B830B57ADC1}.Release|Any CPU.Build.0 = Release|Any CPU
		{9789757D-51CB-44CD-BAC3-0B830B57ADC1}.Release|x64.ActiveCfg = Release|Any CPU
		{9789757D-51CB-44CD-BAC3-0B830B57ADC1}.Release|x64.Build.0 = Release|Any CPU
		{9789757D-51CB-44CD-BAC3-0B830B57ADC1}.Release|x86.ActiveCfg = Release|Any CPU
		{9789757D-51CB-44CD-BAC3-0B830B57ADC1}.Release|x86.Build.0 = Release|Any CPU
		{7873AD74-4087-4EC4-8BA4-D801E8428C72}.Debug|Any CPU.ActiveCfg = Debug|Any CPU
		{7873AD74-4087-4EC4-8BA4-D801E8428C72}.Debug|Any CPU.Build.0 = Debug|Any CPU
		{7873AD74-4087-4EC4-8BA4-D801E8428C72}.Debug|x64.ActiveCfg = Debug|Any CPU
		{7873AD74-4087-4EC4-8BA4-D801E8428C72}.Debug|x64.Build.0 = Debug|Any CPU
		{7873AD74-4087-4EC4-8BA4-D801E8428C72}.Debug|x86.ActiveCfg = Debug|Any CPU
		{7873AD74-4087-4EC4-8BA4-D801E8428C72}.Debug|x86.Build.0 = Debug|Any CPU
		{7873AD74-4087-4EC4-8BA4-D801E8428C72}.Release|Any CPU.ActiveCfg = Release|Any CPU
		{7873AD74-4087-4EC4-8BA4-D801E8428C72}.Release|Any CPU.Build.0 = Release|Any CPU
		{7873AD74-4087-4EC4-8BA4-D801E8428C72}.Release|x64.ActiveCfg = Release|Any CPU
		{7873AD74-4087-4EC4-8BA4-D801E8428C72}.Release|x64.Build.0 = Release|Any CPU
		{7873AD74-4087-4EC4-8BA4-D801E8428C72}.Release|x86.ActiveCfg = Release|Any CPU
		{7873AD74-4087-4EC4-8BA4-D801E8428C72}.Release|x86.Build.0 = Release|Any CPU
		{D46CDFBF-88BC-4F4D-AEF9-CBE1904C9325}.Debug|Any CPU.ActiveCfg = Debug|Any CPU
		{D46CDFBF-88BC-4F4D-AEF9-CBE1904C9325}.Debug|Any CPU.Build.0 = Debug|Any CPU
		{D46CDFBF-88BC-4F4D-AEF9-CBE1904C9325}.Debug|x64.ActiveCfg = Debug|Any CPU
		{D46CDFBF-88BC-4F4D-AEF9-CBE1904C9325}.Debug|x64.Build.0 = Debug|Any CPU
		{D46CDFBF-88BC-4F4D-AEF9-CBE1904C9325}.Debug|x86.ActiveCfg = Debug|Any CPU
		{D46CDFBF-88BC-4F4D-AEF9-CBE1904C9325}.Debug|x86.Build.0 = Debug|Any CPU
		{D46CDFBF-88BC-4F4D-AEF9-CBE1904C9325}.Release|Any CPU.ActiveCfg = Release|Any CPU
		{D46CDFBF-88BC-4F4D-AEF9-CBE1904C9325}.Release|Any CPU.Build.0 = Release|Any CPU
		{D46CDFBF-88BC-4F4D-AEF9-CBE1904C9325}.Release|x64.ActiveCfg = Release|Any CPU
		{D46CDFBF-88BC-4F4D-AEF9-CBE1904C9325}.Release|x64.Build.0 = Release|Any CPU
		{D46CDFBF-88BC-4F4D-AEF9-CBE1904C9325}.Release|x86.ActiveCfg = Release|Any CPU
		{D46CDFBF-88BC-4F4D-AEF9-CBE1904C9325}.Release|x86.Build.0 = Release|Any CPU
		{A96A6E6A-33CC-42DC-9A78-8FA1AE69800B}.Debug|Any CPU.ActiveCfg = Debug|Any CPU
		{A96A6E6A-33CC-42DC-9A78-8FA1AE69800B}.Debug|Any CPU.Build.0 = Debug|Any CPU
		{A96A6E6A-33CC-42DC-9A78-8FA1AE69800B}.Debug|x64.ActiveCfg = Debug|Any CPU
		{A96A6E6A-33CC-42DC-9A78-8FA1AE69800B}.Debug|x64.Build.0 = Debug|Any CPU
		{A96A6E6A-33CC-42DC-9A78-8FA1AE69800B}.Debug|x86.ActiveCfg = Debug|Any CPU
		{A96A6E6A-33CC-42DC-9A78-8FA1AE69800B}.Debug|x86.Build.0 = Debug|Any CPU
		{A96A6E6A-33CC-42DC-9A78-8FA1AE69800B}.Release|Any CPU.ActiveCfg = Release|Any CPU
		{A96A6E6A-33CC-42DC-9A78-8FA1AE69800B}.Release|Any CPU.Build.0 = Release|Any CPU
		{A96A6E6A-33CC-42DC-9A78-8FA1AE69800B}.Release|x64.ActiveCfg = Release|Any CPU
		{A96A6E6A-33CC-42DC-9A78-8FA1AE69800B}.Release|x64.Build.0 = Release|Any CPU
		{A96A6E6A-33CC-42DC-9A78-8FA1AE69800B}.Release|x86.ActiveCfg = Release|Any CPU
		{A96A6E6A-33CC-42DC-9A78-8FA1AE69800B}.Release|x86.Build.0 = Release|Any CPU
		{35D4D272-3F90-4074-8D44-D35577E263CD}.Debug|Any CPU.ActiveCfg = Debug|Any CPU
		{35D4D272-3F90-4074-8D44-D35577E263CD}.Debug|Any CPU.Build.0 = Debug|Any CPU
		{35D4D272-3F90-4074-8D44-D35577E263CD}.Debug|x64.ActiveCfg = Debug|Any CPU
		{35D4D272-3F90-4074-8D44-D35577E263CD}.Debug|x64.Build.0 = Debug|Any CPU
		{35D4D272-3F90-4074-8D44-D35577E263CD}.Debug|x86.ActiveCfg = Debug|Any CPU
		{35D4D272-3F90-4074-8D44-D35577E263CD}.Debug|x86.Build.0 = Debug|Any CPU
		{35D4D272-3F90-4074-8D44-D35577E263CD}.Release|Any CPU.ActiveCfg = Release|Any CPU
		{35D4D272-3F90-4074-8D44-D35577E263CD}.Release|Any CPU.Build.0 = Release|Any CPU
		{35D4D272-3F90-4074-8D44-D35577E263CD}.Release|x64.ActiveCfg = Release|Any CPU
		{35D4D272-3F90-4074-8D44-D35577E263CD}.Release|x64.Build.0 = Release|Any CPU
		{35D4D272-3F90-4074-8D44-D35577E263CD}.Release|x86.ActiveCfg = Release|Any CPU
		{35D4D272-3F90-4074-8D44-D35577E263CD}.Release|x86.Build.0 = Release|Any CPU
		{295B75CC-AA39-4A0E-BAAA-E86558353180}.Debug|Any CPU.ActiveCfg = Debug|Any CPU
		{295B75CC-AA39-4A0E-BAAA-E86558353180}.Debug|Any CPU.Build.0 = Debug|Any CPU
		{295B75CC-AA39-4A0E-BAAA-E86558353180}.Debug|x64.ActiveCfg = Debug|Any CPU
		{295B75CC-AA39-4A0E-BAAA-E86558353180}.Debug|x64.Build.0 = Debug|Any CPU
		{295B75CC-AA39-4A0E-BAAA-E86558353180}.Debug|x86.ActiveCfg = Debug|Any CPU
		{295B75CC-AA39-4A0E-BAAA-E86558353180}.Debug|x86.Build.0 = Debug|Any CPU
		{295B75CC-AA39-4A0E-BAAA-E86558353180}.Release|Any CPU.ActiveCfg = Release|Any CPU
		{295B75CC-AA39-4A0E-BAAA-E86558353180}.Release|Any CPU.Build.0 = Release|Any CPU
		{295B75CC-AA39-4A0E-BAAA-E86558353180}.Release|x64.ActiveCfg = Release|Any CPU
		{295B75CC-AA39-4A0E-BAAA-E86558353180}.Release|x64.Build.0 = Release|Any CPU
		{295B75CC-AA39-4A0E-BAAA-E86558353180}.Release|x86.ActiveCfg = Release|Any CPU
		{295B75CC-AA39-4A0E-BAAA-E86558353180}.Release|x86.Build.0 = Release|Any CPU
		{42265B18-0F48-4922-A934-0E02F36A607C}.Debug|Any CPU.ActiveCfg = Debug|Any CPU
		{42265B18-0F48-4922-A934-0E02F36A607C}.Debug|Any CPU.Build.0 = Debug|Any CPU
		{42265B18-0F48-4922-A934-0E02F36A607C}.Debug|x64.ActiveCfg = Debug|Any CPU
		{42265B18-0F48-4922-A934-0E02F36A607C}.Debug|x64.Build.0 = Debug|Any CPU
		{42265B18-0F48-4922-A934-0E02F36A607C}.Debug|x86.ActiveCfg = Debug|Any CPU
		{42265B18-0F48-4922-A934-0E02F36A607C}.Debug|x86.Build.0 = Debug|Any CPU
		{42265B18-0F48-4922-A934-0E02F36A607C}.Release|Any CPU.ActiveCfg = Release|Any CPU
		{42265B18-0F48-4922-A934-0E02F36A607C}.Release|Any CPU.Build.0 = Release|Any CPU
		{42265B18-0F48-4922-A934-0E02F36A607C}.Release|x64.ActiveCfg = Release|Any CPU
		{42265B18-0F48-4922-A934-0E02F36A607C}.Release|x64.Build.0 = Release|Any CPU
		{42265B18-0F48-4922-A934-0E02F36A607C}.Release|x86.ActiveCfg = Release|Any CPU
		{42265B18-0F48-4922-A934-0E02F36A607C}.Release|x86.Build.0 = Release|Any CPU
		{9BCE46C1-2ED6-4747-8519-A78223366043}.Debug|Any CPU.ActiveCfg = Debug|Any CPU
		{9BCE46C1-2ED6-4747-8519-A78223366043}.Debug|Any CPU.Build.0 = Debug|Any CPU
		{9BCE46C1-2ED6-4747-8519-A78223366043}.Debug|x64.ActiveCfg = Debug|Any CPU
		{9BCE46C1-2ED6-4747-8519-A78223366043}.Debug|x64.Build.0 = Debug|Any CPU
		{9BCE46C1-2ED6-4747-8519-A78223366043}.Debug|x86.ActiveCfg = Debug|Any CPU
		{9BCE46C1-2ED6-4747-8519-A78223366043}.Debug|x86.Build.0 = Debug|Any CPU
		{9BCE46C1-2ED6-4747-8519-A78223366043}.Release|Any CPU.ActiveCfg = Release|Any CPU
		{9BCE46C1-2ED6-4747-8519-A78223366043}.Release|Any CPU.Build.0 = Release|Any CPU
		{9BCE46C1-2ED6-4747-8519-A78223366043}.Release|x64.ActiveCfg = Release|Any CPU
		{9BCE46C1-2ED6-4747-8519-A78223366043}.Release|x64.Build.0 = Release|Any CPU
		{9BCE46C1-2ED6-4747-8519-A78223366043}.Release|x86.ActiveCfg = Release|Any CPU
		{9BCE46C1-2ED6-4747-8519-A78223366043}.Release|x86.Build.0 = Release|Any CPU
		{60DA999E-A773-4356-AE69-7CA1AA17822B}.Debug|Any CPU.ActiveCfg = Debug|Any CPU
		{60DA999E-A773-4356-AE69-7CA1AA17822B}.Debug|Any CPU.Build.0 = Debug|Any CPU
		{60DA999E-A773-4356-AE69-7CA1AA17822B}.Debug|x64.ActiveCfg = Debug|Any CPU
		{60DA999E-A773-4356-AE69-7CA1AA17822B}.Debug|x64.Build.0 = Debug|Any CPU
		{60DA999E-A773-4356-AE69-7CA1AA17822B}.Debug|x86.ActiveCfg = Debug|Any CPU
		{60DA999E-A773-4356-AE69-7CA1AA17822B}.Debug|x86.Build.0 = Debug|Any CPU
		{60DA999E-A773-4356-AE69-7CA1AA17822B}.Release|Any CPU.ActiveCfg = Release|Any CPU
		{60DA999E-A773-4356-AE69-7CA1AA17822B}.Release|Any CPU.Build.0 = Release|Any CPU
		{60DA999E-A773-4356-AE69-7CA1AA17822B}.Release|x64.ActiveCfg = Release|Any CPU
		{60DA999E-A773-4356-AE69-7CA1AA17822B}.Release|x64.Build.0 = Release|Any CPU
		{60DA999E-A773-4356-AE69-7CA1AA17822B}.Release|x86.ActiveCfg = Release|Any CPU
		{60DA999E-A773-4356-AE69-7CA1AA17822B}.Release|x86.Build.0 = Release|Any CPU
		{839ECC65-DD51-414A-B25F-67F4C171C2B9}.Debug|Any CPU.ActiveCfg = Debug|Any CPU
		{839ECC65-DD51-414A-B25F-67F4C171C2B9}.Debug|Any CPU.Build.0 = Debug|Any CPU
		{839ECC65-DD51-414A-B25F-67F4C171C2B9}.Debug|x64.ActiveCfg = Debug|Any CPU
		{839ECC65-DD51-414A-B25F-67F4C171C2B9}.Debug|x64.Build.0 = Debug|Any CPU
		{839ECC65-DD51-414A-B25F-67F4C171C2B9}.Debug|x86.ActiveCfg = Debug|Any CPU
		{839ECC65-DD51-414A-B25F-67F4C171C2B9}.Debug|x86.Build.0 = Debug|Any CPU
		{839ECC65-DD51-414A-B25F-67F4C171C2B9}.Release|Any CPU.ActiveCfg = Release|Any CPU
		{839ECC65-DD51-414A-B25F-67F4C171C2B9}.Release|Any CPU.Build.0 = Release|Any CPU
		{839ECC65-DD51-414A-B25F-67F4C171C2B9}.Release|x64.ActiveCfg = Release|Any CPU
		{839ECC65-DD51-414A-B25F-67F4C171C2B9}.Release|x64.Build.0 = Release|Any CPU
		{839ECC65-DD51-414A-B25F-67F4C171C2B9}.Release|x86.ActiveCfg = Release|Any CPU
		{839ECC65-DD51-414A-B25F-67F4C171C2B9}.Release|x86.Build.0 = Release|Any CPU
		{8C21053E-AFD9-4401-9B53-A5210DB5A565}.Debug|Any CPU.ActiveCfg = Debug|Any CPU
		{8C21053E-AFD9-4401-9B53-A5210DB5A565}.Debug|Any CPU.Build.0 = Debug|Any CPU
		{8C21053E-AFD9-4401-9B53-A5210DB5A565}.Debug|x64.ActiveCfg = Debug|Any CPU
		{8C21053E-AFD9-4401-9B53-A5210DB5A565}.Debug|x64.Build.0 = Debug|Any CPU
		{8C21053E-AFD9-4401-9B53-A5210DB5A565}.Debug|x86.ActiveCfg = Debug|Any CPU
		{8C21053E-AFD9-4401-9B53-A5210DB5A565}.Debug|x86.Build.0 = Debug|Any CPU
		{8C21053E-AFD9-4401-9B53-A5210DB5A565}.Release|Any CPU.ActiveCfg = Release|Any CPU
		{8C21053E-AFD9-4401-9B53-A5210DB5A565}.Release|Any CPU.Build.0 = Release|Any CPU
		{8C21053E-AFD9-4401-9B53-A5210DB5A565}.Release|x64.ActiveCfg = Release|Any CPU
		{8C21053E-AFD9-4401-9B53-A5210DB5A565}.Release|x64.Build.0 = Release|Any CPU
		{8C21053E-AFD9-4401-9B53-A5210DB5A565}.Release|x86.ActiveCfg = Release|Any CPU
		{8C21053E-AFD9-4401-9B53-A5210DB5A565}.Release|x86.Build.0 = Release|Any CPU
		{2AE7D9AB-E95C-402F-91A6-F66B9E2B2762}.Debug|Any CPU.ActiveCfg = Debug|Any CPU
		{2AE7D9AB-E95C-402F-91A6-F66B9E2B2762}.Debug|Any CPU.Build.0 = Debug|Any CPU
		{2AE7D9AB-E95C-402F-91A6-F66B9E2B2762}.Debug|x64.ActiveCfg = Debug|Any CPU
		{2AE7D9AB-E95C-402F-91A6-F66B9E2B2762}.Debug|x64.Build.0 = Debug|Any CPU
		{2AE7D9AB-E95C-402F-91A6-F66B9E2B2762}.Debug|x86.ActiveCfg = Debug|Any CPU
		{2AE7D9AB-E95C-402F-91A6-F66B9E2B2762}.Debug|x86.Build.0 = Debug|Any CPU
		{2AE7D9AB-E95C-402F-91A6-F66B9E2B2762}.Release|Any CPU.ActiveCfg = Release|Any CPU
		{2AE7D9AB-E95C-402F-91A6-F66B9E2B2762}.Release|Any CPU.Build.0 = Release|Any CPU
		{2AE7D9AB-E95C-402F-91A6-F66B9E2B2762}.Release|x64.ActiveCfg = Release|Any CPU
		{2AE7D9AB-E95C-402F-91A6-F66B9E2B2762}.Release|x64.Build.0 = Release|Any CPU
		{2AE7D9AB-E95C-402F-91A6-F66B9E2B2762}.Release|x86.ActiveCfg = Release|Any CPU
		{2AE7D9AB-E95C-402F-91A6-F66B9E2B2762}.Release|x86.Build.0 = Release|Any CPU
		{6E6E43C6-454D-4191-8DE8-A215609581BB}.Debug|Any CPU.ActiveCfg = Debug|Any CPU
		{6E6E43C6-454D-4191-8DE8-A215609581BB}.Debug|Any CPU.Build.0 = Debug|Any CPU
		{6E6E43C6-454D-4191-8DE8-A215609581BB}.Debug|x64.ActiveCfg = Debug|Any CPU
		{6E6E43C6-454D-4191-8DE8-A215609581BB}.Debug|x64.Build.0 = Debug|Any CPU
		{6E6E43C6-454D-4191-8DE8-A215609581BB}.Debug|x86.ActiveCfg = Debug|Any CPU
		{6E6E43C6-454D-4191-8DE8-A215609581BB}.Debug|x86.Build.0 = Debug|Any CPU
		{6E6E43C6-454D-4191-8DE8-A215609581BB}.Release|Any CPU.ActiveCfg = Release|Any CPU
		{6E6E43C6-454D-4191-8DE8-A215609581BB}.Release|Any CPU.Build.0 = Release|Any CPU
		{6E6E43C6-454D-4191-8DE8-A215609581BB}.Release|x64.ActiveCfg = Release|Any CPU
		{6E6E43C6-454D-4191-8DE8-A215609581BB}.Release|x64.Build.0 = Release|Any CPU
		{6E6E43C6-454D-4191-8DE8-A215609581BB}.Release|x86.ActiveCfg = Release|Any CPU
		{6E6E43C6-454D-4191-8DE8-A215609581BB}.Release|x86.Build.0 = Release|Any CPU
		{CEB3D1F1-0D5B-4438-B0EC-F448430E1635}.Debug|Any CPU.ActiveCfg = Debug|Any CPU
		{CEB3D1F1-0D5B-4438-B0EC-F448430E1635}.Debug|Any CPU.Build.0 = Debug|Any CPU
		{CEB3D1F1-0D5B-4438-B0EC-F448430E1635}.Debug|x64.ActiveCfg = Debug|Any CPU
		{CEB3D1F1-0D5B-4438-B0EC-F448430E1635}.Debug|x64.Build.0 = Debug|Any CPU
		{CEB3D1F1-0D5B-4438-B0EC-F448430E1635}.Debug|x86.ActiveCfg = Debug|Any CPU
		{CEB3D1F1-0D5B-4438-B0EC-F448430E1635}.Debug|x86.Build.0 = Debug|Any CPU
		{CEB3D1F1-0D5B-4438-B0EC-F448430E1635}.Release|Any CPU.ActiveCfg = Release|Any CPU
		{CEB3D1F1-0D5B-4438-B0EC-F448430E1635}.Release|Any CPU.Build.0 = Release|Any CPU
		{CEB3D1F1-0D5B-4438-B0EC-F448430E1635}.Release|x64.ActiveCfg = Release|Any CPU
		{CEB3D1F1-0D5B-4438-B0EC-F448430E1635}.Release|x64.Build.0 = Release|Any CPU
		{CEB3D1F1-0D5B-4438-B0EC-F448430E1635}.Release|x86.ActiveCfg = Release|Any CPU
		{CEB3D1F1-0D5B-4438-B0EC-F448430E1635}.Release|x86.Build.0 = Release|Any CPU
		{8CFFC9FE-B559-48F6-80E6-D2D4B9CCE219}.Debug|Any CPU.ActiveCfg = Debug|Any CPU
		{8CFFC9FE-B559-48F6-80E6-D2D4B9CCE219}.Debug|Any CPU.Build.0 = Debug|Any CPU
		{8CFFC9FE-B559-48F6-80E6-D2D4B9CCE219}.Debug|x64.ActiveCfg = Debug|Any CPU
		{8CFFC9FE-B559-48F6-80E6-D2D4B9CCE219}.Debug|x64.Build.0 = Debug|Any CPU
		{8CFFC9FE-B559-48F6-80E6-D2D4B9CCE219}.Debug|x86.ActiveCfg = Debug|Any CPU
		{8CFFC9FE-B559-48F6-80E6-D2D4B9CCE219}.Debug|x86.Build.0 = Debug|Any CPU
		{8CFFC9FE-B559-48F6-80E6-D2D4B9CCE219}.Release|Any CPU.ActiveCfg = Release|Any CPU
		{8CFFC9FE-B559-48F6-80E6-D2D4B9CCE219}.Release|Any CPU.Build.0 = Release|Any CPU
		{8CFFC9FE-B559-48F6-80E6-D2D4B9CCE219}.Release|x64.ActiveCfg = Release|Any CPU
		{8CFFC9FE-B559-48F6-80E6-D2D4B9CCE219}.Release|x64.Build.0 = Release|Any CPU
		{8CFFC9FE-B559-48F6-80E6-D2D4B9CCE219}.Release|x86.ActiveCfg = Release|Any CPU
		{8CFFC9FE-B559-48F6-80E6-D2D4B9CCE219}.Release|x86.Build.0 = Release|Any CPU
		{73C084AF-54F4-4B39-A7F9-F0A2A3AB9DD5}.Debug|Any CPU.ActiveCfg = Debug|Any CPU
		{73C084AF-54F4-4B39-A7F9-F0A2A3AB9DD5}.Debug|Any CPU.Build.0 = Debug|Any CPU
		{73C084AF-54F4-4B39-A7F9-F0A2A3AB9DD5}.Debug|x64.ActiveCfg = Debug|Any CPU
		{73C084AF-54F4-4B39-A7F9-F0A2A3AB9DD5}.Debug|x64.Build.0 = Debug|Any CPU
		{73C084AF-54F4-4B39-A7F9-F0A2A3AB9DD5}.Debug|x86.ActiveCfg = Debug|Any CPU
		{73C084AF-54F4-4B39-A7F9-F0A2A3AB9DD5}.Debug|x86.Build.0 = Debug|Any CPU
		{73C084AF-54F4-4B39-A7F9-F0A2A3AB9DD5}.Release|Any CPU.ActiveCfg = Release|Any CPU
		{73C084AF-54F4-4B39-A7F9-F0A2A3AB9DD5}.Release|Any CPU.Build.0 = Release|Any CPU
		{73C084AF-54F4-4B39-A7F9-F0A2A3AB9DD5}.Release|x64.ActiveCfg = Release|Any CPU
		{73C084AF-54F4-4B39-A7F9-F0A2A3AB9DD5}.Release|x64.Build.0 = Release|Any CPU
		{73C084AF-54F4-4B39-A7F9-F0A2A3AB9DD5}.Release|x86.ActiveCfg = Release|Any CPU
		{73C084AF-54F4-4B39-A7F9-F0A2A3AB9DD5}.Release|x86.Build.0 = Release|Any CPU
		{5B13678B-1260-4B21-B5FF-7F8C8A9B1BD2}.Debug|Any CPU.ActiveCfg = Debug|Any CPU
		{5B13678B-1260-4B21-B5FF-7F8C8A9B1BD2}.Debug|Any CPU.Build.0 = Debug|Any CPU
		{5B13678B-1260-4B21-B5FF-7F8C8A9B1BD2}.Debug|x64.ActiveCfg = Debug|Any CPU
		{5B13678B-1260-4B21-B5FF-7F8C8A9B1BD2}.Debug|x64.Build.0 = Debug|Any CPU
		{5B13678B-1260-4B21-B5FF-7F8C8A9B1BD2}.Debug|x86.ActiveCfg = Debug|Any CPU
		{5B13678B-1260-4B21-B5FF-7F8C8A9B1BD2}.Debug|x86.Build.0 = Debug|Any CPU
		{5B13678B-1260-4B21-B5FF-7F8C8A9B1BD2}.Release|Any CPU.ActiveCfg = Release|Any CPU
		{5B13678B-1260-4B21-B5FF-7F8C8A9B1BD2}.Release|Any CPU.Build.0 = Release|Any CPU
		{5B13678B-1260-4B21-B5FF-7F8C8A9B1BD2}.Release|x64.ActiveCfg = Release|Any CPU
		{5B13678B-1260-4B21-B5FF-7F8C8A9B1BD2}.Release|x64.Build.0 = Release|Any CPU
		{5B13678B-1260-4B21-B5FF-7F8C8A9B1BD2}.Release|x86.ActiveCfg = Release|Any CPU
		{5B13678B-1260-4B21-B5FF-7F8C8A9B1BD2}.Release|x86.Build.0 = Release|Any CPU
		{3F834542-C97F-40F3-B687-0F6DBD622896}.Debug|Any CPU.ActiveCfg = Debug|Any CPU
		{3F834542-C97F-40F3-B687-0F6DBD622896}.Debug|Any CPU.Build.0 = Debug|Any CPU
		{3F834542-C97F-40F3-B687-0F6DBD622896}.Debug|x64.ActiveCfg = Debug|Any CPU
		{3F834542-C97F-40F3-B687-0F6DBD622896}.Debug|x64.Build.0 = Debug|Any CPU
		{3F834542-C97F-40F3-B687-0F6DBD622896}.Debug|x86.ActiveCfg = Debug|Any CPU
		{3F834542-C97F-40F3-B687-0F6DBD622896}.Debug|x86.Build.0 = Debug|Any CPU
		{3F834542-C97F-40F3-B687-0F6DBD622896}.Release|Any CPU.ActiveCfg = Release|Any CPU
		{3F834542-C97F-40F3-B687-0F6DBD622896}.Release|Any CPU.Build.0 = Release|Any CPU
		{3F834542-C97F-40F3-B687-0F6DBD622896}.Release|x64.ActiveCfg = Release|Any CPU
		{3F834542-C97F-40F3-B687-0F6DBD622896}.Release|x64.Build.0 = Release|Any CPU
		{3F834542-C97F-40F3-B687-0F6DBD622896}.Release|x86.ActiveCfg = Release|Any CPU
		{3F834542-C97F-40F3-B687-0F6DBD622896}.Release|x86.Build.0 = Release|Any CPU
		{679D22C2-4370-4449-8CF9-C5BDF8E3AD62}.Debug|Any CPU.ActiveCfg = Debug|Any CPU
		{679D22C2-4370-4449-8CF9-C5BDF8E3AD62}.Debug|Any CPU.Build.0 = Debug|Any CPU
		{679D22C2-4370-4449-8CF9-C5BDF8E3AD62}.Debug|x64.ActiveCfg = Debug|Any CPU
		{679D22C2-4370-4449-8CF9-C5BDF8E3AD62}.Debug|x64.Build.0 = Debug|Any CPU
		{679D22C2-4370-4449-8CF9-C5BDF8E3AD62}.Debug|x86.ActiveCfg = Debug|Any CPU
		{679D22C2-4370-4449-8CF9-C5BDF8E3AD62}.Debug|x86.Build.0 = Debug|Any CPU
		{679D22C2-4370-4449-8CF9-C5BDF8E3AD62}.Release|Any CPU.ActiveCfg = Release|Any CPU
		{679D22C2-4370-4449-8CF9-C5BDF8E3AD62}.Release|Any CPU.Build.0 = Release|Any CPU
		{679D22C2-4370-4449-8CF9-C5BDF8E3AD62}.Release|x64.ActiveCfg = Release|Any CPU
		{679D22C2-4370-4449-8CF9-C5BDF8E3AD62}.Release|x64.Build.0 = Release|Any CPU
		{679D22C2-4370-4449-8CF9-C5BDF8E3AD62}.Release|x86.ActiveCfg = Release|Any CPU
		{679D22C2-4370-4449-8CF9-C5BDF8E3AD62}.Release|x86.Build.0 = Release|Any CPU
		{7BBCC2FD-4139-46BD-8C00-E808DA1FF85F}.Debug|Any CPU.ActiveCfg = Debug|Any CPU
		{7BBCC2FD-4139-46BD-8C00-E808DA1FF85F}.Debug|Any CPU.Build.0 = Debug|Any CPU
		{7BBCC2FD-4139-46BD-8C00-E808DA1FF85F}.Debug|x64.ActiveCfg = Debug|Any CPU
		{7BBCC2FD-4139-46BD-8C00-E808DA1FF85F}.Debug|x64.Build.0 = Debug|Any CPU
		{7BBCC2FD-4139-46BD-8C00-E808DA1FF85F}.Debug|x86.ActiveCfg = Debug|Any CPU
		{7BBCC2FD-4139-46BD-8C00-E808DA1FF85F}.Debug|x86.Build.0 = Debug|Any CPU
		{7BBCC2FD-4139-46BD-8C00-E808DA1FF85F}.Release|Any CPU.ActiveCfg = Release|Any CPU
		{7BBCC2FD-4139-46BD-8C00-E808DA1FF85F}.Release|Any CPU.Build.0 = Release|Any CPU
		{7BBCC2FD-4139-46BD-8C00-E808DA1FF85F}.Release|x64.ActiveCfg = Release|Any CPU
		{7BBCC2FD-4139-46BD-8C00-E808DA1FF85F}.Release|x64.Build.0 = Release|Any CPU
		{7BBCC2FD-4139-46BD-8C00-E808DA1FF85F}.Release|x86.ActiveCfg = Release|Any CPU
		{7BBCC2FD-4139-46BD-8C00-E808DA1FF85F}.Release|x86.Build.0 = Release|Any CPU
	EndGlobalSection
	GlobalSection(SolutionProperties) = preSolution
		HideSolutionNode = FALSE
	EndGlobalSection
	GlobalSection(NestedProjects) = preSolution
		{B56110F0-2D27-4718-8C80-E7FDE3439A63} = {F84DCF8A-FC1A-4677-AF4D-616AD7DB3470}
		{2B51B8DF-3870-43A4-9448-C52340CC6089} = {E75733BC-FF1B-477D-AEAE-43CD0DE5490B}
		{9789757D-51CB-44CD-BAC3-0B830B57ADC1} = {F84DCF8A-FC1A-4677-AF4D-616AD7DB3470}
		{7873AD74-4087-4EC4-8BA4-D801E8428C72} = {F84DCF8A-FC1A-4677-AF4D-616AD7DB3470}
		{D46CDFBF-88BC-4F4D-AEF9-CBE1904C9325} = {F84DCF8A-FC1A-4677-AF4D-616AD7DB3470}
		{A96A6E6A-33CC-42DC-9A78-8FA1AE69800B} = {F84DCF8A-FC1A-4677-AF4D-616AD7DB3470}
		{35D4D272-3F90-4074-8D44-D35577E263CD} = {F84DCF8A-FC1A-4677-AF4D-616AD7DB3470}
		{295B75CC-AA39-4A0E-BAAA-E86558353180} = {F84DCF8A-FC1A-4677-AF4D-616AD7DB3470}
		{42265B18-0F48-4922-A934-0E02F36A607C} = {F84DCF8A-FC1A-4677-AF4D-616AD7DB3470}
		{9BCE46C1-2ED6-4747-8519-A78223366043} = {F84DCF8A-FC1A-4677-AF4D-616AD7DB3470}
		{60DA999E-A773-4356-AE69-7CA1AA17822B} = {E75733BC-FF1B-477D-AEAE-43CD0DE5490B}
		{839ECC65-DD51-414A-B25F-67F4C171C2B9} = {E75733BC-FF1B-477D-AEAE-43CD0DE5490B}
		{8C21053E-AFD9-4401-9B53-A5210DB5A565} = {E75733BC-FF1B-477D-AEAE-43CD0DE5490B}
		{2AE7D9AB-E95C-402F-91A6-F66B9E2B2762} = {E75733BC-FF1B-477D-AEAE-43CD0DE5490B}
		{6E6E43C6-454D-4191-8DE8-A215609581BB} = {E75733BC-FF1B-477D-AEAE-43CD0DE5490B}
		{CEB3D1F1-0D5B-4438-B0EC-F448430E1635} = {E75733BC-FF1B-477D-AEAE-43CD0DE5490B}
		{8CFFC9FE-B559-48F6-80E6-D2D4B9CCE219} = {F84DCF8A-FC1A-4677-AF4D-616AD7DB3470}
		{73C084AF-54F4-4B39-A7F9-F0A2A3AB9DD5} = {E75733BC-FF1B-477D-AEAE-43CD0DE5490B}
		{5B13678B-1260-4B21-B5FF-7F8C8A9B1BD2} = {F84DCF8A-FC1A-4677-AF4D-616AD7DB3470}
		{3F834542-C97F-40F3-B687-0F6DBD622896} = {F84DCF8A-FC1A-4677-AF4D-616AD7DB3470}
		{679D22C2-4370-4449-8CF9-C5BDF8E3AD62} = {F84DCF8A-FC1A-4677-AF4D-616AD7DB3470}
		{7BBCC2FD-4139-46BD-8C00-E808DA1FF85F} = {F84DCF8A-FC1A-4677-AF4D-616AD7DB3470}
	EndGlobalSection
	GlobalSection(ExtensibilityGlobals) = postSolution
		SolutionGuid = {E6B79611-4632-4CCC-BE40-0FF3202E49DF}
	EndGlobalSection
EndGlobal
